{
  "assets": {
    "crane": {
      "linux/amd64": {
        "repo": "google/go-containerregistry",
        "download_url": "https://github.com/google/go-containerregistry/releases/download/v0.20.5/go-containerregistry_Linux_x86_64.tar.gz",
        "version": "0.20.5",
        "checksum": "ad4cd9af2568c62c97e346de6d1295ee8c6ce3341f7b71cf02d41292b4532680",
        "executable": true,
        "destination": "share/vendor/crane",
        "extract": {
          "globs": [
            "crane",
            "crane.exe"
          ],
          "flatten": false,
          "filetype": "tar.gz"
        }
      },
      "windows/amd64": {
        "repo": "google/go-containerregistry",
        "download_url": "https://github.com/google/go-containerregistry/releases/download/v0.20.5/go-containerregistry_Windows_x86_64.tar.gz",
        "version": "0.20.5",
        "checksum": "0cc402eec89240ac831d487d7919799c74680bde2e1f9b1628aec6b526dca114",
        "executable": true,
        "destination": "share/vendor/crane",
        "extract": {
          "globs": [
            "crane",
            "crane.exe"
          ],
          "flatten": false,
          "filetype": "tar.gz"
        }
      },
      "darwin/amd64": {
        "repo": "google/go-containerregistry",
        "download_url": "https://github.com/google/go-containerregistry/releases/download/v0.20.5/go-containerregistry_Darwin_x86_64.tar.gz",
        "version": "0.20.5",
        "checksum": "7a72dab4524858e0a0fa3537ce1f88952b814c3fd7663432c5ba4b2b075e8677",
        "executable": true,
        "destination": "share/vendor/crane",
        "extract": {
          "globs": [
            "crane",
            "crane.exe"
          ],
          "flatten": false,
          "filetype": "tar.gz"
        }
      },
      "darwin/arm64": {
        "repo": "google/go-containerregistry",
        "download_url": "https://github.com/google/go-containerregistry/releases/download/v0.20.5/go-containerregistry_Darwin_arm64.tar.gz",
        "version": "0.20.5",
        "checksum": "d615563e282086a19db0a5ee28c523351bb7d0c8a3a986521672a235adda3b76",
        "executable": true,
        "destination": "share/vendor/crane",
        "extract": {
          "globs": [
            "crane",
            "crane.exe"
          ],
          "flatten": false,
          "filetype": "tar.gz"
        }
      }
    },
    "tessdata": {
      "all": {
        "repo": "tesseract-ocr/tessdata_fast",
        "download_url": "https://api.github.com/repos/tesseract-ocr/tessdata_fast/zipball/4.1.0",
        "version": "4.1.0",
        "checksum": "cbbdb9b61061452b13cf77f45cccd051648a71bba01cc98b59ac014bb72f44f1",
        "executable": false,
        "destination": "share/tessdata",
        "extract": {
          "globs": [
            "*/afr.traineddata",
            "*/amh.traineddata",
            "*/ara.traineddata",
            "*/asm.traineddata",
            "*/aze.traineddata",
            "*/aze_cyrl.traineddata",
            "*/bel.traineddata",
            "*/ben.traineddata",
            "*/bod.traineddata",
            "*/bos.traineddata",
            "*/bre.traineddata",
            "*/bul.traineddata",
            "*/cat.traineddata",
            "*/ceb.traineddata",
            "*/ces.traineddata",
            "*/chi_sim.traineddata",
            "*/chi_sim_vert.traineddata",
            "*/chi_tra.traineddata",
            "*/chi_tra_vert.traineddata",
            "*/chr.traineddata",
            "*/cos.traineddata",
            "*/cym.traineddata",
            "*/dan.traineddata",
            "*/deu.traineddata",
            "*/div.traineddata",
            "*/dzo.traineddata",
            "*/ell.traineddata",
            "*/eng.traineddata",
            "*/enm.traineddata",
            "*/epo.traineddata",
            "*/est.traineddata",
            "*/eus.traineddata",
            "*/fao.traineddata",
            "*/fas.traineddata",
            "*/fil.traineddata",
            "*/fin.traineddata",
            "*/fra.traineddata",
            "*/frk.traineddata",
            "*/frm.traineddata",
            "*/fry.traineddata",
            "*/gla.traineddata",
            "*/gle.traineddata",
            "*/glg.traineddata",
            "*/grc.traineddata",
            "*/guj.traineddata",
            "*/hat.traineddata",
            "*/heb.traineddata",
            "*/hin.traineddata",
            "*/hrv.traineddata",
            "*/hun.traineddata",
            "*/hye.traineddata",
            "*/iku.traineddata",
            "*/ind.traineddata",
            "*/isl.traineddata",
            "*/ita.traineddata",
            "*/ita_old.traineddata",
            "*/jav.traineddata",
            "*/jpn.traineddata",
            "*/jpn_vert.traineddata",
            "*/kan.traineddata",
            "*/kat.traineddata",
            "*/kat_old.traineddata",
            "*/kaz.traineddata",
            "*/khm.traineddata",
            "*/kir.traineddata",
            "*/kmr.traineddata",
            "*/kor.traineddata",
            "*/kor_vert.traineddata",
            "*/lao.traineddata",
            "*/lat.traineddata",
            "*/lav.traineddata",
            "*/lit.traineddata",
            "*/ltz.traineddata",
            "*/mal.traineddata",
            "*/mar.traineddata",
            "*/mkd.traineddata",
            "*/mlt.traineddata",
            "*/mon.traineddata",
            "*/mri.traineddata",
            "*/msa.traineddata",
            "*/mya.traineddata",
            "*/nep.traineddata",
            "*/nld.traineddata",
            "*/nor.traineddata",
            "*/oci.traineddata",
            "*/ori.traineddata",
            "*/pan.traineddata",
            "*/pol.traineddata",
            "*/por.traineddata",
            "*/pus.traineddata",
            "*/que.traineddata",
            "*/ron.traineddata",
            "*/rus.traineddata",
            "*/san.traineddata",
            "*/sin.traineddata",
            "*/slk.traineddata",
            "*/slv.traineddata",
            "*/snd.traineddata",
            "*/spa.traineddata",
            "*/spa_old.traineddata",
            "*/sqi.traineddata",
            "*/srp.traineddata",
            "*/srp_latn.traineddata",
            "*/sun.traineddata",
            "*/swa.traineddata",
            "*/swe.traineddata",
            "*/syr.traineddata",
            "*/tam.traineddata",
            "*/tat.traineddata",
            "*/tel.traineddata",
            "*/tgk.traineddata",
            "*/tha.traineddata",
            "*/tir.traineddata",
            "*/ton.traineddata",
            "*/tur.traineddata",
            "*/uig.traineddata",
            "*/ukr.traineddata",
            "*/urd.traineddata",
            "*/uzb.traineddata",
            "*/uzb_cyrl.traineddata",
            "*/vie.traineddata",
            "*/yid.traineddata",
            "*/yor.traineddata"
          ],
          "flatten": true,
          "filetype": "zip"
        }
      }
    }
  },
  "config_checksum": "e1340042c61bed7a0c1312712433d46653310c2f27e820055c346f1a1714d43b"
}