{
  "assets": {
    "crane": {
      "linux/amd64": {
        "repo": "google/go-containerregistry",
        "download_url": "https://github.com/google/go-containerregistry/releases/download/v0.20.5/go-containerregistry_Linux_x86_64.tar.gz",
        "version": "0.20.5",
        "checksum": "ad4cd9af2568c62c97e346de6d1295ee8c6ce3341f7b71cf02d41292b4532680",
        "executable": true,
        "destination": "share/vendor/crane",
        "extract": {
          "globs": [
            "crane",
            "crane.exe"
          ],
          "flatten": false,
          "filetype": "tar.gz"
        }
      },
      "windows/amd64": {
        "repo": "google/go-containerregistry",
        "download_url": "https://github.com/google/go-containerregistry/releases/download/v0.20.5/go-containerregistry_Windows_x86_64.tar.gz",
        "version": "0.20.5",
        "checksum": "b7af8867918c9a35309914edee3967fb52a987472ef5d4f999f8eb613a503fc8",
        "executable": true,
        "destination": "share/vendor/crane",
        "extract": {
          "globs": [
            "crane",
            "crane.exe"
          ],
          "flatten": false,
          "filetype": "tar.gz"
        }
      },
      "darwin/amd64": {
        "repo": "google/go-containerregistry",
        "download_url": "https://github.com/google/go-containerregistry/releases/download/v0.20.5/go-containerregistry_Darwin_x86_64.tar.gz",
        "version": "0.20.5",
        "checksum": "7a72dab4524858e0a0fa3537ce1f88952b814c3fd7663432c5ba4b2b075e8677",
        "executable": true,
        "destination": "share/vendor/crane",
        "extract": {
          "globs": [
            "crane",
            "crane.exe"
          ],
          "flatten": false,
          "filetype": "tar.gz"
        }
      },
      "darwin/arm64": {
        "repo": "google/go-containerregistry",
        "download_url": "https://github.com/google/go-containerregistry/releases/download/v0.20.5/go-containerregistry_Darwin_arm64.tar.gz",
        "version": "0.20.5",
        "checksum": "97164cd39211ba0f48945c653635b37121be485c5024273fe933b819a349f9ba",
        "executable": true,
        "destination": "share/vendor/crane",
        "extract": {
          "globs": [
            "crane",
            "crane.exe"
          ],
          "flatten": false,
          "filetype": "tar.gz"
        }
      }
    },
    "machine-os": {
      "darwin/amd64": {
        "repo": "containers/podman-machine-os",
        "download_url": "https://github.com/containers/podman-machine-os/releases/download/v5.5.0/podman-machine.x86_64.tar",
        "version": "5.5.0",
        "checksum": "ac3efa2bed9d85dc2d8f047750d783f5779e412f8c516b114ce4a58452dd84ef",
        "executable": false,
        "destination": "share/vendor/podman-machine.tar",
        "extract": false
      },
      "darwin/arm64": {
        "repo": "containers/podman-machine-os",
        "download_url": "https://github.com/containers/podman-machine-os/releases/download/v5.5.0/podman-machine.aarch64.tar",
        "version": "5.5.0",
        "checksum": "c046f0f66603b65bf1aba5fdbaf981677ceac93f8e8a33a5d63295cb25cd93f1",
        "executable": false,
        "destination": "share/vendor/podman-machine.tar",
        "extract": false
      }
    },
    "tessdata": {
      "all": {
        "repo": "tesseract-ocr/tessdata_fast",
        "download_url": "https://api.github.com/repos/tesseract-ocr/tessdata_fast/zipball/4.1.0",
        "version": "4.1.0",
        "checksum": "cbbdb9b61061452b13cf77f45cccd051648a71bba01cc98b59ac014bb72f44f1",
        "executable": false,
        "destination": "share/tessdata",
        "extract": {
          "globs": [
            "*/afr.traineddata",
            "*/amh.traineddata",
            "*/ara.traineddata",
            "*/asm.traineddata",
            "*/aze.traineddata",
            "*/aze_cyrl.traineddata",
            "*/bel.traineddata",
            "*/ben.traineddata",
            "*/bod.traineddata",
            "*/bos.traineddata",
            "*/bre.traineddata",
            "*/bul.traineddata",
            "*/cat.traineddata",
            "*/ceb.traineddata",
            "*/ces.traineddata",
            "*/chi_sim.traineddata",
            "*/chi_sim_vert.traineddata",
            "*/chi_tra.traineddata",
            "*/chi_tra_vert.traineddata",
            "*/chr.traineddata",
            "*/cos.traineddata",
            "*/cym.traineddata",
            "*/dan.traineddata",
            "*/deu.traineddata",
            "*/div.traineddata",
            "*/dzo.traineddata",
            "*/ell.traineddata",
            "*/eng.traineddata",
            "*/enm.traineddata",
            "*/epo.traineddata",
            "*/est.traineddata",
            "*/eus.traineddata",
            "*/fao.traineddata",
            "*/fas.traineddata",
            "*/fil.traineddata",
            "*/fin.traineddata",
            "*/fra.traineddata",
            "*/frk.traineddata",
            "*/frm.traineddata",
            "*/fry.traineddata",
            "*/gla.traineddata",
            "*/gle.traineddata",
            "*/glg.traineddata",
            "*/grc.traineddata",
            "*/guj.traineddata",
            "*/hat.traineddata",
            "*/heb.traineddata",
            "*/hin.traineddata",
            "*/hrv.traineddata",
            "*/hun.traineddata",
            "*/hye.traineddata",
            "*/iku.traineddata",
            "*/ind.traineddata",
            "*/isl.traineddata",
            "*/ita.traineddata",
            "*/ita_old.traineddata",
            "*/jav.traineddata",
            "*/jpn.traineddata",
            "*/jpn_vert.traineddata",
            "*/kan.traineddata",
            "*/kat.traineddata",
            "*/kat_old.traineddata",
            "*/kaz.traineddata",
            "*/khm.traineddata",
            "*/kir.traineddata",
            "*/kmr.traineddata",
            "*/kor.traineddata",
            "*/kor_vert.traineddata",
            "*/lao.traineddata",
            "*/lat.traineddata",
            "*/lav.traineddata",
            "*/lit.traineddata",
            "*/ltz.traineddata",
            "*/mal.traineddata",
            "*/mar.traineddata",
            "*/mkd.traineddata",
            "*/mlt.traineddata",
            "*/mon.traineddata",
            "*/mri.traineddata",
            "*/msa.traineddata",
            "*/mya.traineddata",
            "*/nep.traineddata",
            "*/nld.traineddata",
            "*/nor.traineddata",
            "*/oci.traineddata",
            "*/ori.traineddata",
            "*/pan.traineddata",
            "*/pol.traineddata",
            "*/por.traineddata",
            "*/pus.traineddata",
            "*/que.traineddata",
            "*/ron.traineddata",
            "*/rus.traineddata",
            "*/san.traineddata",
            "*/sin.traineddata",
            "*/slk.traineddata",
            "*/slv.traineddata",
            "*/snd.traineddata",
            "*/spa.traineddata",
            "*/spa_old.traineddata",
            "*/sqi.traineddata",
            "*/srp.traineddata",
            "*/srp_latn.traineddata",
            "*/sun.traineddata",
            "*/swa.traineddata",
            "*/swe.traineddata",
            "*/syr.traineddata",
            "*/tam.traineddata",
            "*/tat.traineddata",
            "*/tel.traineddata",
            "*/tgk.traineddata",
            "*/tha.traineddata",
            "*/tir.traineddata",
            "*/ton.traineddata",
            "*/tur.traineddata",
            "*/uig.traineddata",
            "*/ukr.traineddata",
            "*/urd.traineddata",
            "*/uzb.traineddata",
            "*/uzb_cyrl.traineddata",
            "*/vie.traineddata",
            "*/yid.traineddata",
            "*/yor.traineddata"
          ],
          "flatten": true,
          "filetype": "zip"
        }
      }
    }
  },
  "config_checksum": "32018fb694b8ef3aac0fea65d5f7b44103d94e30b200233dacc90f0408aa9268"
}