{
  "assets": {
    "tessdata": {
      "all": {
        "repo": "tesseract-ocr/tessdata_fast",
        "download_url": "https://api.github.com/repos/tesseract-ocr/tessdata_fast/zipball/4.1.0",
        "version": "4.1.0",
        "checksum": "cbbdb9b61061452b13cf77f45cccd051648a71bba01cc98b59ac014bb72f44f1",
        "executable": false,
        "destination": "share/tessdata",
        "extract": {
          "globs": [
            "*/afr.traineddata",
            "*/amh.traineddata",
            "*/ara.traineddata",
            "*/asm.traineddata",
            "*/aze.traineddata",
            "*/aze_cyrl.traineddata",
            "*/bel.traineddata",
            "*/ben.traineddata",
            "*/bod.traineddata",
            "*/bos.traineddata",
            "*/bre.traineddata",
            "*/bul.traineddata",
            "*/cat.traineddata",
            "*/ceb.traineddata",
            "*/ces.traineddata",
            "*/chi_sim.traineddata",
            "*/chi_sim_vert.traineddata",
            "*/chi_tra.traineddata",
            "*/chi_tra_vert.traineddata",
            "*/chr.traineddata",
            "*/cos.traineddata",
            "*/cym.traineddata",
            "*/dan.traineddata",
            "*/deu.traineddata",
            "*/div.traineddata",
            "*/dzo.traineddata",
            "*/ell.traineddata",
            "*/eng.traineddata",
            "*/enm.traineddata",
            "*/epo.traineddata",
            "*/est.traineddata",
            "*/eus.traineddata",
            "*/fao.traineddata",
            "*/fas.traineddata",
            "*/fil.traineddata",
            "*/fin.traineddata",
            "*/fra.traineddata",
            "*/frk.traineddata",
            "*/frm.traineddata",
            "*/fry.traineddata",
            "*/gla.traineddata",
            "*/gle.traineddata",
            "*/glg.traineddata",
            "*/grc.traineddata",
            "*/guj.traineddata",
            "*/hat.traineddata",
            "*/heb.traineddata",
            "*/hin.traineddata",
            "*/hrv.traineddata",
            "*/hun.traineddata",
            "*/hye.traineddata",
            "*/iku.traineddata",
            "*/ind.traineddata",
            "*/isl.traineddata",
            "*/ita.traineddata",
            "*/ita_old.traineddata",
            "*/jav.traineddata",
            "*/jpn.traineddata",
            "*/jpn_vert.traineddata",
            "*/kan.traineddata",
            "*/kat.traineddata",
            "*/kat_old.traineddata",
            "*/kaz.traineddata",
            "*/khm.traineddata",
            "*/kir.traineddata",
            "*/kmr.traineddata",
            "*/kor.traineddata",
            "*/kor_vert.traineddata",
            "*/lao.traineddata",
            "*/lat.traineddata",
            "*/lav.traineddata",
            "*/lit.traineddata",
            "*/ltz.traineddata",
            "*/mal.traineddata",
            "*/mar.traineddata",
            "*/mkd.traineddata",
            "*/mlt.traineddata",
            "*/mon.traineddata",
            "*/mri.traineddata",
            "*/msa.traineddata",
            "*/mya.traineddata",
            "*/nep.traineddata",
            "*/nld.traineddata",
            "*/nor.traineddata",
            "*/oci.traineddata",
            "*/ori.traineddata",
            "*/pan.traineddata",
            "*/pol.traineddata",
            "*/por.traineddata",
            "*/pus.traineddata",
            "*/que.traineddata",
            "*/ron.traineddata",
            "*/rus.traineddata",
            "*/san.traineddata",
            "*/sin.traineddata",
            "*/slk.traineddata",
            "*/slv.traineddata",
            "*/snd.traineddata",
            "*/spa.traineddata",
            "*/spa_old.traineddata",
            "*/sqi.traineddata",
            "*/srp.traineddata",
            "*/srp_latn.traineddata",
            "*/sun.traineddata",
            "*/swa.traineddata",
            "*/swe.traineddata",
            "*/syr.traineddata",
            "*/tam.traineddata",
            "*/tat.traineddata",
            "*/tel.traineddata",
            "*/tgk.traineddata",
            "*/tha.traineddata",
            "*/tir.traineddata",
            "*/ton.traineddata",
            "*/tur.traineddata",
            "*/uig.traineddata",
            "*/ukr.traineddata",
            "*/urd.traineddata",
            "*/uzb.traineddata",
            "*/uzb_cyrl.traineddata",
            "*/vie.traineddata",
            "*/yid.traineddata",
            "*/yor.traineddata"
          ],
          "flatten": true,
          "filetype": "zip"
        }
      }
    },
    "podman": {
      "windows/amd64": {
        "repo": "containers/podman",
        "download_url": "https://github.com/containers/podman/releases/download/v5.8.2/podman-remote-release-windows_amd64.zip",
        "version": "5.8.2",
        "checksum": "1b60aae4bd4879c3932c283d2070bb87116ec1f0ab3a4a98eff7e65f318f9e4e",
        "executable": true,
        "destination": "share/vendor/podman",
        "extract": {
          "globs": [
            "**/bin/*"
          ],
          "flatten": true,
          "filetype": "zip"
        }
      },
      "darwin/amd64": {
        "repo": "containers/podman",
        "download_url": "https://github.com/containers/podman/releases/download/v5.8.2/podman-remote-release-darwin_amd64.zip",
        "version": "5.8.2",
        "checksum": "8c54f845651fd606512debd509a273f7a8d20e6ab0adb372a46863608275aa78",
        "executable": true,
        "destination": "share/vendor/podman",
        "extract": {
          "globs": [
            "**/bin/*"
          ],
          "flatten": true,
          "filetype": "zip"
        }
      },
      "darwin/arm64": {
        "repo": "containers/podman",
        "download_url": "https://github.com/containers/podman/releases/download/v5.8.2/podman-remote-release-darwin_arm64.zip",
        "version": "5.8.2",
        "checksum": "2379bcb0bf320df5deccf84115337109d3f9051f7d017948ee68a92ce932e798",
        "executable": true,
        "destination": "share/vendor/podman",
        "extract": {
          "globs": [
            "**/bin/*"
          ],
          "flatten": true,
          "filetype": "zip"
        }
      }
    },
    "gvproxy": {
      "darwin/amd64": {
        "repo": "containers/gvisor-tap-vsock",
        "download_url": "https://github.com/containers/gvisor-tap-vsock/releases/download/v0.8.8/gvproxy-darwin",
        "version": "0.8.8",
        "checksum": "614d58dd3f8473258fb6ec18f7631000d2e5c9a761ca52748cc714c07d16382f",
        "executable": true,
        "destination": "share/vendor/podman/gvproxy",
        "extract": false
      },
      "darwin/arm64": {
        "repo": "containers/gvisor-tap-vsock",
        "download_url": "https://github.com/containers/gvisor-tap-vsock/releases/download/v0.8.8/gvproxy-darwin",
        "version": "0.8.8",
        "checksum": "614d58dd3f8473258fb6ec18f7631000d2e5c9a761ca52748cc714c07d16382f",
        "executable": true,
        "destination": "share/vendor/podman/gvproxy",
        "extract": false
      }
    },
    "vfkit": {
      "darwin/amd64": {
        "repo": "crc-org/vfkit",
        "download_url": "https://github.com/crc-org/vfkit/releases/download/v0.6.3/vfkit",
        "version": "0.6.3",
        "checksum": "19d0695d40d996ec38529a22b73cdaa84ff67ba15f4b44927292e7fe885cee0e",
        "executable": true,
        "destination": "share/vendor/podman/vfkit",
        "extract": false
      },
      "darwin/arm64": {
        "repo": "crc-org/vfkit",
        "download_url": "https://github.com/crc-org/vfkit/releases/download/v0.6.3/vfkit",
        "version": "0.6.3",
        "checksum": "19d0695d40d996ec38529a22b73cdaa84ff67ba15f4b44927292e7fe885cee0e",
        "executable": true,
        "destination": "share/vendor/podman/vfkit",
        "extract": false
      }
    },
    "machine-os": {
      "darwin/amd64": {
        "repo": "containers/podman-machine-os",
        "download_url": "https://github.com/containers/podman-machine-os/releases/download/v5.8.2/podman-machine.x86_64.applehv.raw.zst",
        "version": "5.8.2",
        "checksum": "5efcf56a599919c786136faf8e4f48b25bf3865b5e8ea3302f6d705ba750afec",
        "executable": false,
        "destination": "share/machine.tar",
        "extract": false
      },
      "darwin/arm64": {
        "repo": "containers/podman-machine-os",
        "download_url": "https://github.com/containers/podman-machine-os/releases/download/v5.8.2/podman-machine.aarch64.applehv.raw.zst",
        "version": "5.8.2",
        "checksum": "2c0878ba6eaad525f7333b8013378d97468533ed8dd960215812d7c37db5aa61",
        "executable": false,
        "destination": "share/machine.tar",
        "extract": false
      },
      "windows/amd64": {
        "repo": "containers/podman-machine-os",
        "download_url": "https://github.com/containers/podman-machine-os/releases/download/v5.8.2/podman-machine.x86_64.wsl.tar.zst",
        "version": "5.8.2",
        "checksum": "e2b6cbcadd8b41b708fecb58a246a20d737dee0ef26872a3f75b575f77eba968",
        "executable": false,
        "destination": "share/machine.tar",
        "extract": false
      }
    },
    "cosign": {
      "darwin/amd64": {
        "repo": "sigstore/cosign",
        "download_url": "https://github.com/sigstore/cosign/releases/download/v2.6.3/cosign-darwin-amd64",
        "version": "2.6.3",
        "checksum": "5715d61dd00a9b6dcb344de14910b434145855b7f82690b94183c553ac1b68be",
        "executable": true,
        "destination": "share/vendor/cosign",
        "extract": false
      },
      "darwin/arm64": {
        "repo": "sigstore/cosign",
        "download_url": "https://github.com/sigstore/cosign/releases/download/v2.6.3/cosign-darwin-arm64",
        "version": "2.6.3",
        "checksum": "ff497a698f125f3130b04f000b2cb0dd163bcaf00b5e776ef536035e6d0b3f3e",
        "executable": true,
        "destination": "share/vendor/cosign",
        "extract": false
      },
      "linux/amd64": {
        "repo": "sigstore/cosign",
        "download_url": "https://github.com/sigstore/cosign/releases/download/v2.6.3/cosign-linux-amd64",
        "version": "2.6.3",
        "checksum": "7c78a7f2efc00088bd788a758db6e0928e79f3e0eb83eb5d3c499ed98da4c4f4",
        "executable": true,
        "destination": "share/vendor/cosign",
        "extract": false
      },
      "windows/amd64": {
        "repo": "sigstore/cosign",
        "download_url": "https://github.com/sigstore/cosign/releases/download/v2.6.3/cosign-windows-amd64.exe",
        "version": "2.6.3",
        "checksum": "2264ea5867077b9e070161648e8c18544decac351f5f3a7edaea43c233ce2e36",
        "executable": true,
        "destination": "share/vendor/cosign",
        "extract": false
      }
    }
  },
  "config_checksum": "f43afd7f885fce65c10a266033e6b118874bcc9bdfc41ce09b441ecd4cf0ab3e"
}