{
  "assets": {
    "tessdata": {
      "all": {
        "repo": "tesseract-ocr/tessdata_fast",
        "download_url": "https://api.github.com/repos/tesseract-ocr/tessdata_fast/zipball/4.1.0",
        "version": "4.1.0",
        "checksum": "cbbdb9b61061452b13cf77f45cccd051648a71bba01cc98b59ac014bb72f44f1",
        "executable": false,
        "destination": "share/tessdata",
        "extract": {
          "globs": [
            "*/afr.traineddata",
            "*/amh.traineddata",
            "*/ara.traineddata",
            "*/asm.traineddata",
            "*/aze.traineddata",
            "*/aze_cyrl.traineddata",
            "*/bel.traineddata",
            "*/ben.traineddata",
            "*/bod.traineddata",
            "*/bos.traineddata",
            "*/bre.traineddata",
            "*/bul.traineddata",
            "*/cat.traineddata",
            "*/ceb.traineddata",
            "*/ces.traineddata",
            "*/chi_sim.traineddata",
            "*/chi_sim_vert.traineddata",
            "*/chi_tra.traineddata",
            "*/chi_tra_vert.traineddata",
            "*/chr.traineddata",
            "*/cos.traineddata",
            "*/cym.traineddata",
            "*/dan.traineddata",
            "*/deu.traineddata",
            "*/div.traineddata",
            "*/dzo.traineddata",
            "*/ell.traineddata",
            "*/eng.traineddata",
            "*/enm.traineddata",
            "*/epo.traineddata",
            "*/est.traineddata",
            "*/eus.traineddata",
            "*/fao.traineddata",
            "*/fas.traineddata",
            "*/fil.traineddata",
            "*/fin.traineddata",
            "*/fra.traineddata",
            "*/frk.traineddata",
            "*/frm.traineddata",
            "*/fry.traineddata",
            "*/gla.traineddata",
            "*/gle.traineddata",
            "*/glg.traineddata",
            "*/grc.traineddata",
            "*/guj.traineddata",
            "*/hat.traineddata",
            "*/heb.traineddata",
            "*/hin.traineddata",
            "*/hrv.traineddata",
            "*/hun.traineddata",
            "*/hye.traineddata",
            "*/iku.traineddata",
            "*/ind.traineddata",
            "*/isl.traineddata",
            "*/ita.traineddata",
            "*/ita_old.traineddata",
            "*/jav.traineddata",
            "*/jpn.traineddata",
            "*/jpn_vert.traineddata",
            "*/kan.traineddata",
            "*/kat.traineddata",
            "*/kat_old.traineddata",
            "*/kaz.traineddata",
            "*/khm.traineddata",
            "*/kir.traineddata",
            "*/kmr.traineddata",
            "*/kor.traineddata",
            "*/kor_vert.traineddata",
            "*/lao.traineddata",
            "*/lat.traineddata",
            "*/lav.traineddata",
            "*/lit.traineddata",
            "*/ltz.traineddata",
            "*/mal.traineddata",
            "*/mar.traineddata",
            "*/mkd.traineddata",
            "*/mlt.traineddata",
            "*/mon.traineddata",
            "*/mri.traineddata",
            "*/msa.traineddata",
            "*/mya.traineddata",
            "*/nep.traineddata",
            "*/nld.traineddata",
            "*/nor.traineddata",
            "*/oci.traineddata",
            "*/ori.traineddata",
            "*/pan.traineddata",
            "*/pol.traineddata",
            "*/por.traineddata",
            "*/pus.traineddata",
            "*/que.traineddata",
            "*/ron.traineddata",
            "*/rus.traineddata",
            "*/san.traineddata",
            "*/sin.traineddata",
            "*/slk.traineddata",
            "*/slv.traineddata",
            "*/snd.traineddata",
            "*/spa.traineddata",
            "*/spa_old.traineddata",
            "*/sqi.traineddata",
            "*/srp.traineddata",
            "*/srp_latn.traineddata",
            "*/sun.traineddata",
            "*/swa.traineddata",
            "*/swe.traineddata",
            "*/syr.traineddata",
            "*/tam.traineddata",
            "*/tat.traineddata",
            "*/tel.traineddata",
            "*/tgk.traineddata",
            "*/tha.traineddata",
            "*/tir.traineddata",
            "*/ton.traineddata",
            "*/tur.traineddata",
            "*/uig.traineddata",
            "*/ukr.traineddata",
            "*/urd.traineddata",
            "*/uzb.traineddata",
            "*/uzb_cyrl.traineddata",
            "*/vie.traineddata",
            "*/yid.traineddata",
            "*/yor.traineddata"
          ],
          "flatten": true,
          "filetype": "zip"
        }
      }
    },
    "podman": {
      "windows/amd64": {
        "repo": "containers/podman",
        "download_url": "https://github.com/containers/podman/releases/download/v5.5.2/podman-remote-release-windows_amd64.zip",
        "version": "5.5.2",
        "checksum": "2e63aa82cf0b57305e3b8074cf46c09eab85d04bfa81330697dc07d127b2197a",
        "executable": true,
        "destination": "share/vendor/podman",
        "extract": {
          "globs": [
            "**/bin/*"
          ],
          "flatten": true,
          "filetype": "zip"
        }
      },
      "darwin/amd64": {
        "repo": "containers/podman",
        "download_url": "https://github.com/containers/podman/releases/download/v5.5.2/podman-remote-release-darwin_amd64.zip",
        "version": "5.5.2",
        "checksum": "77ffabd8a48eef601694c24c7050fd82515651cf681f90538824b0c9e54ca65e",
        "executable": true,
        "destination": "share/vendor/podman",
        "extract": {
          "globs": [
            "**/bin/*"
          ],
          "flatten": true,
          "filetype": "zip"
        }
      },
      "darwin/arm64": {
        "repo": "containers/podman",
        "download_url": "https://github.com/containers/podman/releases/download/v5.5.2/podman-remote-release-darwin_arm64.zip",
        "version": "5.5.2",
        "checksum": "0f18957c62896ddbd4b8adfd25e3918eb93f652df1f93349bf732a567696635b",
        "executable": true,
        "destination": "share/vendor/podman",
        "extract": {
          "globs": [
            "**/bin/*"
          ],
          "flatten": true,
          "filetype": "zip"
        }
      }
    },
    "gvproxy": {
      "darwin/amd64": {
        "repo": "containers/gvisor-tap-vsock",
        "download_url": "https://github.com/containers/gvisor-tap-vsock/releases/download/v0.8.6/gvproxy-darwin",
        "version": "0.8.6",
        "checksum": "e18161fd2dbc67046f4b2a138807fdd1e7f8545b37850328e5a647684e9a809e",
        "executable": true,
        "destination": "share/vendor/podman/gvproxy",
        "extract": false
      },
      "darwin/arm64": {
        "repo": "containers/gvisor-tap-vsock",
        "download_url": "https://github.com/containers/gvisor-tap-vsock/releases/download/v0.8.6/gvproxy-darwin",
        "version": "0.8.6",
        "checksum": "e18161fd2dbc67046f4b2a138807fdd1e7f8545b37850328e5a647684e9a809e",
        "executable": true,
        "destination": "share/vendor/podman/gvproxy",
        "extract": false
      }
    },
    "vfkit": {
      "darwin/amd64": {
        "repo": "crc-org/vfkit",
        "download_url": "https://github.com/crc-org/vfkit/releases/download/v0.6.1/vfkit",
        "version": "0.6.1",
        "checksum": "751fb934d8234c0fa0e6558d86010eb36f156a92547f791c5573767af38a2936",
        "executable": true,
        "destination": "share/vendor/podman/vfkit",
        "extract": false
      },
      "darwin/arm64": {
        "repo": "crc-org/vfkit",
        "download_url": "https://github.com/crc-org/vfkit/releases/download/v0.6.1/vfkit",
        "version": "0.6.1",
        "checksum": "751fb934d8234c0fa0e6558d86010eb36f156a92547f791c5573767af38a2936",
        "executable": true,
        "destination": "share/vendor/podman/vfkit",
        "extract": false
      }
    },
    "machine-os": {
      "darwin/amd64": {
        "repo": "containers/podman-machine-os",
        "download_url": "https://github.com/containers/podman-machine-os/releases/download/v5.5.2/podman-machine.x86_64.applehv.raw.zst",
        "version": "5.5.2",
        "checksum": "9710cb739ec8b6473863607ecdd7ee27cdc8802b1133ad2e121f98206399a7cc",
        "executable": false,
        "destination": "share/machine.tar",
        "extract": false
      },
      "darwin/arm64": {
        "repo": "containers/podman-machine-os",
        "download_url": "https://github.com/containers/podman-machine-os/releases/download/v5.5.2/podman-machine.aarch64.applehv.raw.zst",
        "version": "5.5.2",
        "checksum": "1f5c0ec861031a3e51ae30af3a34009ca344437609915ecf7833897e2292b448",
        "executable": false,
        "destination": "share/machine.tar",
        "extract": false
      }
    },
    "machine-os-wsl": {
      "windows/amd64": {
        "repo": "apyrgio/podman-machine-os",
        "download_url": "https://github.com/apyrgio/podman-machine-os/releases/download/5.5.0/podman-machine.x86_64.wsl.tar.zst",
        "version": "5.5.0",
        "checksum": "ffada992b8a1efea5204e51b89c6bb011253735c6ddb98fd83a806668c377f9e",
        "executable": false,
        "destination": "share/machine.tar",
        "extract": false
      }
    },
    "cosign": {
      "darwin/amd64": {
        "repo": "sigstore/cosign",
        "download_url": "https://github.com/sigstore/cosign/releases/download/v2.5.3/cosign-darwin-amd64",
        "version": "2.5.3",
        "checksum": "172731b1c2575dd76069a87d4d17312fd027fe0947e45e4a9ba9b915877e0ed0",
        "executable": true,
        "destination": "share/vendor/cosign",
        "extract": false
      },
      "darwin/arm64": {
        "repo": "sigstore/cosign",
        "download_url": "https://github.com/sigstore/cosign/releases/download/v2.5.3/cosign-darwin-arm64",
        "version": "2.5.3",
        "checksum": "86e0cad94d0da4c0dab5e26672ede71447a08a0f0d8495b9381c117df27d7d09",
        "executable": true,
        "destination": "share/vendor/cosign",
        "extract": false
      },
      "linux/amd64": {
        "repo": "sigstore/cosign",
        "download_url": "https://github.com/sigstore/cosign/releases/download/v2.5.3/cosign-linux-amd64",
        "version": "2.5.3",
        "checksum": "783b5d6c74105401c63946c68d9b2a4e1aab3c8abce043e06b8510b02b623ec9",
        "executable": true,
        "destination": "share/vendor/cosign",
        "extract": false
      },
      "windows/amd64": {
        "repo": "sigstore/cosign",
        "download_url": "https://github.com/sigstore/cosign/releases/download/v2.5.3/cosign-windows-amd64.exe",
        "version": "2.5.3",
        "checksum": "545d87e096cab55e213f25b6ec5c9a74c958f72d05182cee1cd53a4eb6c2e561",
        "executable": true,
        "destination": "share/vendor/cosign",
        "extract": false
      }
    }
  },
  "config_checksum": "305236a69bcb44719c3b6ab10caa8a2fbcbfdec0e0c70dbe00a82ea1a060abce"
}