[[package]]
name = "altgraph"
version = "0.17.2"
description = "Python graph (network) package"
category = "main"
optional = false
python-versions = "*"

[[package]]
name = "appdirs"
version = "1.4.4"
description = "A small Python module for determining appropriate platform-specific dirs, e.g. a \"user data dir\"."
category = "main"
optional = false
python-versions = "*"

[[package]]
name = "black"
version = "21.12b0"
description = "The uncompromising code formatter."
category = "dev"
optional = false
python-versions = ">=3.6.2"

[package.dependencies]
click = ">=7.1.2"
mypy-extensions = ">=0.4.3"
pathspec = ">=0.9.0,<1"
platformdirs = ">=2"
tomli = ">=0.2.6,<2.0.0"
typed-ast = {version = ">=1.4.2", markers = "python_version < \"3.8\" and implementation_name == \"cpython\""}
typing-extensions = ">=3.10.0.0"

[package.extras]
colorama = ["colorama (>=0.4.3)"]
d = ["aiohttp (>=3.7.4)"]
jupyter = ["ipython (>=7.8.0)", "tokenize-rt (>=3.2.0)"]
python2 = ["typed-ast (>=1.4.3)"]
uvloop = ["uvloop (>=0.15.2)"]

[[package]]
name = "certifi"
version = "2021.10.8"
description = "Python package for providing Mozilla's CA Bundle."
category = "main"
optional = false
python-versions = "*"

[[package]]
name = "charset-normalizer"
version = "2.0.9"
description = "The Real First Universal Charset Detector. Open, modern and actively maintained alternative to Chardet."
category = "main"
optional = false
python-versions = ">=3.5.0"

[package.extras]
unicode_backport = ["unicodedata2"]

[[package]]
name = "click"
version = "8.0.3"
description = "Composable command line interface toolkit"
category = "main"
optional = false
python-versions = ">=3.6"

[package.dependencies]
colorama = {version = "*", markers = "platform_system == \"Windows\""}
importlib-metadata = {version = "*", markers = "python_version < \"3.8\""}

[[package]]
name = "colorama"
version = "0.4.4"
description = "Cross-platform colored terminal text."
category = "main"
optional = false
python-versions = ">=2.7, !=3.0.*, !=3.1.*, !=3.2.*, !=3.3.*, !=3.4.*"

[[package]]
name = "cx-freeze"
version = "6.9"
description = "Create standalone executables from Python scripts"
category = "main"
optional = false
python-versions = ">=3.6"

[package.dependencies]
cx-logging = {version = ">=3.0", markers = "sys_platform == \"win32\""}
importlib-metadata = ">=4.3.1"

[[package]]
name = "cx-logging"
version = "3.0"
description = "Python and C interfaces for logging"
category = "main"
optional = false
python-versions = "*"

[[package]]
name = "idna"
version = "3.3"
description = "Internationalized Domain Names in Applications (IDNA)"
category = "main"
optional = false
python-versions = ">=3.5"

[[package]]
name = "importlib-metadata"
version = "4.8.2"
description = "Read metadata from Python packages"
category = "main"
optional = false
python-versions = ">=3.6"

[package.dependencies]
typing-extensions = {version = ">=3.6.4", markers = "python_version < \"3.8\""}
zipp = ">=0.5"

[package.extras]
docs = ["sphinx", "jaraco.packaging (>=8.2)", "rst.linker (>=1.9)"]
perf = ["ipython"]
testing = ["pytest (>=6)", "pytest-checkdocs (>=2.4)", "pytest-flake8", "pytest-cov", "pytest-enabler (>=1.0.1)", "packaging", "pep517", "pyfakefs", "flufl.flake8", "pytest-perf (>=0.9.2)", "pytest-black (>=0.3.7)", "pytest-mypy", "importlib-resources (>=1.3)"]

[[package]]
name = "macholib"
version = "1.15.2"
description = "Mach-O header analysis and editing"
category = "main"
optional = false
python-versions = "*"

[package.dependencies]
altgraph = ">=0.15"

[[package]]
name = "mypy-extensions"
version = "0.4.3"
description = "Experimental type system extensions for programs checked with the mypy typechecker."
category = "dev"
optional = false
python-versions = "*"

[[package]]
name = "pathspec"
version = "0.9.0"
description = "Utility library for gitignore style pattern matching of file paths."
category = "dev"
optional = false
python-versions = "!=3.0.*,!=3.1.*,!=3.2.*,!=3.3.*,!=3.4.*,>=2.7"

[[package]]
name = "platformdirs"
version = "2.4.0"
description = "A small Python module for determining appropriate platform-specific dirs, e.g. a \"user data dir\"."
category = "dev"
optional = false
python-versions = ">=3.6"

[package.extras]
docs = ["Sphinx (>=4)", "furo (>=2021.7.5b38)", "proselint (>=0.10.2)", "sphinx-autodoc-typehints (>=1.12)"]
test = ["appdirs (==1.4.4)", "pytest (>=6)", "pytest-cov (>=2.7)", "pytest-mock (>=3.6)"]

[[package]]
name = "psutil"
version = "5.8.0"
description = "Cross-platform lib for process and system monitoring in Python."
category = "main"
optional = false
python-versions = ">=2.6, !=3.0.*, !=3.1.*, !=3.2.*, !=3.3.*"

[package.extras]
test = ["ipaddress", "mock", "unittest2", "enum34", "pywin32", "wmi"]

[[package]]
name = "pyinstaller"
version = "4.7"
description = "PyInstaller bundles a Python application and all its dependencies into a single package."
category = "main"
optional = false
python-versions = "<3.11,>=3.6"

[package.dependencies]
altgraph = "*"
importlib-metadata = {version = "*", markers = "python_version < \"3.8\""}
macholib = {version = ">=1.8", markers = "sys_platform == \"darwin\""}
pyinstaller-hooks-contrib = ">=2020.6"

[package.extras]
encryption = ["tinyaes (>=1.0.0)"]
hook_testing = ["pytest (>=2.7.3)", "execnet (>=1.5.0)", "psutil"]

[[package]]
name = "pyinstaller-hooks-contrib"
version = "2021.4"
description = "Community maintained hooks for PyInstaller"
category = "main"
optional = false
python-versions = "*"

[[package]]
name = "pyside2"
version = "5.15.2"
description = "Python bindings for the Qt cross-platform application and UI framework"
category = "main"
optional = false
python-versions = ">=2.7, !=3.0.*, !=3.1.*, !=3.2.*, !=3.3.*, !=3.4.*, <3.10"

[package.dependencies]
shiboken2 = "5.15.2"

[[package]]
name = "pywin32"
version = "302"
description = "Python for Window Extensions"
category = "main"
optional = false
python-versions = "*"

[[package]]
name = "pyxdg"
version = "0.27"
description = "PyXDG contains implementations of freedesktop.org standards in python."
category = "main"
optional = false
python-versions = "*"

[[package]]
name = "requests"
version = "2.26.0"
description = "Python HTTP for Humans."
category = "main"
optional = false
python-versions = ">=2.7, !=3.0.*, !=3.1.*, !=3.2.*, !=3.3.*, !=3.4.*, !=3.5.*"

[package.dependencies]
certifi = ">=2017.4.17"
charset-normalizer = {version = ">=2.0.0,<2.1.0", markers = "python_version >= \"3\""}
idna = {version = ">=2.5,<4", markers = "python_version >= \"3\""}
urllib3 = ">=1.21.1,<1.27"

[package.extras]
socks = ["PySocks (>=1.5.6,!=1.5.7)", "win-inet-pton"]
use_chardet_on_py3 = ["chardet (>=3.0.2,<5)"]

[[package]]
name = "shiboken2"
version = "5.15.2"
description = "Python / C++ bindings helper module"
category = "main"
optional = false
python-versions = ">=2.7, !=3.0.*, !=3.1.*, !=3.2.*, !=3.3.*, !=3.4.*, <3.10"

[[package]]
name = "strip-ansi"
version = "0.1.1"
description = "Strip ANSI escape sequences from a string"
category = "main"
optional = false
python-versions = ">=3.6,<4.0"

[[package]]
name = "termcolor"
version = "1.1.0"
description = "ANSII Color formatting for output in terminal."
category = "main"
optional = false
python-versions = "*"

[[package]]
name = "tomli"
version = "1.2.3"
description = "A lil' TOML parser"
category = "dev"
optional = false
python-versions = ">=3.6"

[[package]]
name = "typed-ast"
version = "1.5.1"
description = "a fork of Python 2 and 3 ast modules with type comment support"
category = "dev"
optional = false
python-versions = ">=3.6"

[[package]]
name = "typing-extensions"
version = "4.0.1"
description = "Backported and Experimental Type Hints for Python 3.6+"
category = "main"
optional = false
python-versions = ">=3.6"

[[package]]
name = "urllib3"
version = "1.26.7"
description = "HTTP library with thread-safe connection pooling, file post, and more."
category = "main"
optional = false
python-versions = ">=2.7, !=3.0.*, !=3.1.*, !=3.2.*, !=3.3.*, !=3.4.*, <4"

[package.extras]
brotli = ["brotlipy (>=0.6.0)"]
secure = ["pyOpenSSL (>=0.14)", "cryptography (>=1.3.4)", "idna (>=2.0.0)", "certifi", "ipaddress"]
socks = ["PySocks (>=1.5.6,!=1.5.7,<2.0)"]

[[package]]
name = "wmi"
version = "1.5.1"
description = "Windows Management Instrumentation"
category = "main"
optional = false
python-versions = "*"

[package.dependencies]
pywin32 = "*"

[package.extras]
all = ["pytest", "wheel", "twine", "sphinx"]
dev = ["pytest", "sphinx", "wheel", "twine"]
docs = ["sphinx"]
package = ["wheel", "twine"]
tests = ["pytest"]

[[package]]
name = "zipp"
version = "3.6.0"
description = "Backport of pathlib-compatible object wrapper for zip files"
category = "main"
optional = false
python-versions = ">=3.6"

[package.extras]
docs = ["sphinx", "jaraco.packaging (>=8.2)", "rst.linker (>=1.9)"]
testing = ["pytest (>=4.6)", "pytest-checkdocs (>=2.4)", "pytest-flake8", "pytest-cov", "pytest-enabler (>=1.0.1)", "jaraco.itertools", "func-timeout", "pytest-black (>=0.3.7)", "pytest-mypy"]

[metadata]
lock-version = "1.1"
python-versions = ">=3.7,<3.10"
content-hash = "a5cf2a7abe4078bd9220e24235db32ef35b337c497ccff57a4fcc663019adf3f"

[metadata.files]
altgraph = [
    {file = "altgraph-0.17.2-py2.py3-none-any.whl", hash = "sha256:743628f2ac6a7c26f5d9223c91ed8ecbba535f506f4b6f558885a8a56a105857"},
    {file = "altgraph-0.17.2.tar.gz", hash = "sha256:ebf2269361b47d97b3b88e696439f6e4cbc607c17c51feb1754f90fb79839158"},
]
appdirs = [
    {file = "appdirs-1.4.4-py2.py3-none-any.whl", hash = "sha256:a841dacd6b99318a741b166adb07e19ee71a274450e68237b4650ca1055ab128"},
    {file = "appdirs-1.4.4.tar.gz", hash = "sha256:7d5d0167b2b1ba821647616af46a749d1c653740dd0d2415100fe26e27afdf41"},
]
black = [
    {file = "black-21.12b0-py3-none-any.whl", hash = "sha256:a615e69ae185e08fdd73e4715e260e2479c861b5740057fde6e8b4e3b7dd589f"},
    {file = "black-21.12b0.tar.gz", hash = "sha256:77b80f693a569e2e527958459634f18df9b0ba2625ba4e0c2d5da5be42e6f2b3"},
]
certifi = [
    {file = "certifi-2021.10.8-py2.py3-none-any.whl", hash = "sha256:d62a0163eb4c2344ac042ab2bdf75399a71a2d8c7d47eac2e2ee91b9d6339569"},
    {file = "certifi-2021.10.8.tar.gz", hash = "sha256:78884e7c1d4b00ce3cea67b44566851c4343c120abd683433ce934a68ea58872"},
]
charset-normalizer = [
    {file = "charset-normalizer-2.0.9.tar.gz", hash = "sha256:b0b883e8e874edfdece9c28f314e3dd5badf067342e42fb162203335ae61aa2c"},
    {file = "charset_normalizer-2.0.9-py3-none-any.whl", hash = "sha256:1eecaa09422db5be9e29d7fc65664e6c33bd06f9ced7838578ba40d58bdf3721"},
]
click = [
    {file = "click-8.0.3-py3-none-any.whl", hash = "sha256:353f466495adaeb40b6b5f592f9f91cb22372351c84caeb068132442a4518ef3"},
    {file = "click-8.0.3.tar.gz", hash = "sha256:410e932b050f5eed773c4cda94de75971c89cdb3155a72a0831139a79e5ecb5b"},
]
colorama = [
    {file = "colorama-0.4.4-py2.py3-none-any.whl", hash = "sha256:9f47eda37229f68eee03b24b9748937c7dc3868f906e8ba69fbcbdd3bc5dc3e2"},
    {file = "colorama-0.4.4.tar.gz", hash = "sha256:5941b2b48a20143d2267e95b1c2a7603ce057ee39fd88e7329b0c292aa16869b"},
]
cx-freeze = [
    {file = "cx_Freeze-6.9-cp310-cp310-win32.whl", hash = "sha256:776d4fb68a4831691acbd3c374362b9b48ce2e568514a73c3d4cb14d5dcf1470"},
    {file = "cx_Freeze-6.9-cp310-cp310-win_amd64.whl", hash = "sha256:243f36d35a034a409cd6247d8cb5d1fbfd7374e3e668e813d0811f64d6bd5ed3"},
    {file = "cx_Freeze-6.9-cp36-cp36m-win32.whl", hash = "sha256:ffc855eabc735b693e2d604d71dce6d52d78a6ba1070c55d51e786dd68ed232c"},
    {file = "cx_Freeze-6.9-cp36-cp36m-win_amd64.whl", hash = "sha256:fe4e32a0c75b2b54491882926bf3ba12f8a3d589822a68a8be7c09f1dcca5546"},
    {file = "cx_Freeze-6.9-cp37-cp37m-win32.whl", hash = "sha256:99c292e7a31cb343efc0cf47f82220a44a4a3b8776651624cd8ee03c23104940"},
    {file = "cx_Freeze-6.9-cp37-cp37m-win_amd64.whl", hash = "sha256:738ab22f3a3f6bc220b16dccf2aa0603c3cd271b2a7a9d9480dab82311308b23"},
    {file = "cx_Freeze-6.9-cp38-cp38-win32.whl", hash = "sha256:c1c75df572858e623d0aa39771cd984c0abd8aacb43b2aca2d12d0bc95f25566"},
    {file = "cx_Freeze-6.9-cp38-cp38-win_amd64.whl", hash = "sha256:0788c895c47fdcf375151ce78ff42336c01aca7bc43daecb8f8f8356cdc42b43"},
    {file = "cx_Freeze-6.9-cp39-cp39-win32.whl", hash = "sha256:a31f5ddbc80b29e297370d868791470b0e3e9062db45038c23293a76ed039018"},
    {file = "cx_Freeze-6.9-cp39-cp39-win_amd64.whl", hash = "sha256:30708f603076713c0a839cdfb34f4126d68e9d61afb3d9a59daa9cf252033872"},
    {file = "cx_Freeze-6.9.tar.gz", hash = "sha256:673aa3199af2ef87fc03a43a30e5d78b27ced2cedde925da89c55b5657da267b"},
]
cx-logging = [
    {file = "cx_Logging-3.0-cp36-cp36m-manylinux1_x86_64.whl", hash = "sha256:9fcd297e5c51470521c47eff0f86ba844aeca6be97e13c3e2114ebdf03fa3c96"},
    {file = "cx_Logging-3.0-cp36-cp36m-win32.whl", hash = "sha256:0df4be47c5022cc54316949e283403214568ef599817ced0c0972183d6d4fabb"},
    {file = "cx_Logging-3.0-cp36-cp36m-win_amd64.whl", hash = "sha256:203ca92ee7c15d5dfe1fcdfcef7b39d0123eba5c6d8c2388b6e7db6b961a5362"},
    {file = "cx_Logging-3.0-cp37-cp37m-manylinux1_x86_64.whl", hash = "sha256:20daa71b2a30f61d09bcf55dbda002c10f0c7c691f53cb393fc6485410fa2484"},
    {file = "cx_Logging-3.0-cp37-cp37m-win32.whl", hash = "sha256:5be5f905e8d34a3326e28d428674cdc2d57912fdf6e25b8676d63f76294eb4e0"},
    {file = "cx_Logging-3.0-cp37-cp37m-win_amd64.whl", hash = "sha256:04e4b61e2636dc8ae135937655af6626362aefc7f6175e86888a244b61001823"},
    {file = "cx_Logging-3.0-cp38-cp38-manylinux1_x86_64.whl", hash = "sha256:1bf0ebc79a7baa331c7deaf57088c234b82710286dfad453ff0c55eee0122b72"},
    {file = "cx_Logging-3.0-cp38-cp38-win32.whl", hash = "sha256:d98a59a47e99fa430b3f6d2a979e27509852d2c43e204f43bd0168e7ec97f469"},
    {file = "cx_Logging-3.0-cp38-cp38-win_amd64.whl", hash = "sha256:bb2e91019e5905415f795eef994de60ace5ae186fc4fe3d358e2d8feebb24992"},
    {file = "cx_Logging-3.0-cp39-cp39-manylinux1_x86_64.whl", hash = "sha256:b6f4a9b750e02a180517f779d174a1c7db651981cd37e5623235b87da9774dfd"},
    {file = "cx_Logging-3.0-cp39-cp39-win32.whl", hash = "sha256:e7cca28e8ee4082654b6062cc4d06f83d48f1a7e2d152bab020c9e3e373afb90"},
    {file = "cx_Logging-3.0-cp39-cp39-win_amd64.whl", hash = "sha256:302e9c4f65a936c288a4fa59a90e7e142d9ef994aa29676731acafdcccdbb3f5"},
    {file = "cx_Logging-3.0.tar.gz", hash = "sha256:ba8a7465facf7b98d8f494030fb481a2e8aeee29dc191e10383bb54ed42bdb34"},
]
idna = [
    {file = "idna-3.3-py3-none-any.whl", hash = "sha256:84d9dd047ffa80596e0f246e2eab0b391788b0503584e8945f2368256d2735ff"},
    {file = "idna-3.3.tar.gz", hash = "sha256:9d643ff0a55b762d5cdb124b8eaa99c66322e2157b69160bc32796e824360e6d"},
]
importlib-metadata = [
    {file = "importlib_metadata-4.8.2-py3-none-any.whl", hash = "sha256:53ccfd5c134223e497627b9815d5030edf77d2ed573922f7a0b8f8bb81a1c100"},
    {file = "importlib_metadata-4.8.2.tar.gz", hash = "sha256:75bdec14c397f528724c1bfd9709d660b33a4d2e77387a3358f20b848bb5e5fb"},
]
macholib = [
    {file = "macholib-1.15.2-py2.py3-none-any.whl", hash = "sha256:885613dd02d3e26dbd2b541eb4cc4ce611b841f827c0958ab98656e478b9e6f6"},
    {file = "macholib-1.15.2.tar.gz", hash = "sha256:1542c41da3600509f91c165cb897e7e54c0e74008bd8da5da7ebbee519d593d2"},
]
mypy-extensions = [
    {file = "mypy_extensions-0.4.3-py2.py3-none-any.whl", hash = "sha256:090fedd75945a69ae91ce1303b5824f428daf5a028d2f6ab8a299250a846f15d"},
    {file = "mypy_extensions-0.4.3.tar.gz", hash = "sha256:2d82818f5bb3e369420cb3c4060a7970edba416647068eb4c5343488a6c604a8"},
]
pathspec = [
    {file = "pathspec-0.9.0-py2.py3-none-any.whl", hash = "sha256:7d15c4ddb0b5c802d161efc417ec1a2558ea2653c2e8ad9c19098201dc1c993a"},
    {file = "pathspec-0.9.0.tar.gz", hash = "sha256:e564499435a2673d586f6b2130bb5b95f04a3ba06f81b8f895b651a3c76aabb1"},
]
platformdirs = [
    {file = "platformdirs-2.4.0-py3-none-any.whl", hash = "sha256:8868bbe3c3c80d42f20156f22e7131d2fb321f5bc86a2a345375c6481a67021d"},
    {file = "platformdirs-2.4.0.tar.gz", hash = "sha256:367a5e80b3d04d2428ffa76d33f124cf11e8fff2acdaa9b43d545f5c7d661ef2"},
]
psutil = [
    {file = "psutil-5.8.0-cp27-cp27m-macosx_10_9_x86_64.whl", hash = "sha256:0066a82f7b1b37d334e68697faba68e5ad5e858279fd6351c8ca6024e8d6ba64"},
    {file = "psutil-5.8.0-cp27-cp27m-manylinux2010_i686.whl", hash = "sha256:0ae6f386d8d297177fd288be6e8d1afc05966878704dad9847719650e44fc49c"},
    {file = "psutil-5.8.0-cp27-cp27m-manylinux2010_x86_64.whl", hash = "sha256:12d844996d6c2b1d3881cfa6fa201fd635971869a9da945cf6756105af73d2df"},
    {file = "psutil-5.8.0-cp27-cp27mu-manylinux2010_i686.whl", hash = "sha256:02b8292609b1f7fcb34173b25e48d0da8667bc85f81d7476584d889c6e0f2131"},
    {file = "psutil-5.8.0-cp27-cp27mu-manylinux2010_x86_64.whl", hash = "sha256:6ffe81843131ee0ffa02c317186ed1e759a145267d54fdef1bc4ea5f5931ab60"},
    {file = "psutil-5.8.0-cp27-none-win32.whl", hash = "sha256:ea313bb02e5e25224e518e4352af4bf5e062755160f77e4b1767dd5ccb65f876"},
    {file = "psutil-5.8.0-cp27-none-win_amd64.whl", hash = "sha256:5da29e394bdedd9144c7331192e20c1f79283fb03b06e6abd3a8ae45ffecee65"},
    {file = "psutil-5.8.0-cp36-cp36m-macosx_10_9_x86_64.whl", hash = "sha256:74fb2557d1430fff18ff0d72613c5ca30c45cdbfcddd6a5773e9fc1fe9364be8"},
    {file = "psutil-5.8.0-cp36-cp36m-manylinux2010_i686.whl", hash = "sha256:74f2d0be88db96ada78756cb3a3e1b107ce8ab79f65aa885f76d7664e56928f6"},
    {file = "psutil-5.8.0-cp36-cp36m-manylinux2010_x86_64.whl", hash = "sha256:99de3e8739258b3c3e8669cb9757c9a861b2a25ad0955f8e53ac662d66de61ac"},
    {file = "psutil-5.8.0-cp36-cp36m-win32.whl", hash = "sha256:36b3b6c9e2a34b7d7fbae330a85bf72c30b1c827a4366a07443fc4b6270449e2"},
    {file = "psutil-5.8.0-cp36-cp36m-win_amd64.whl", hash = "sha256:52de075468cd394ac98c66f9ca33b2f54ae1d9bff1ef6b67a212ee8f639ec06d"},
    {file = "psutil-5.8.0-cp37-cp37m-macosx_10_9_x86_64.whl", hash = "sha256:c6a5fd10ce6b6344e616cf01cc5b849fa8103fbb5ba507b6b2dee4c11e84c935"},
    {file = "psutil-5.8.0-cp37-cp37m-manylinux2010_i686.whl", hash = "sha256:61f05864b42fedc0771d6d8e49c35f07efd209ade09a5afe6a5059e7bb7bf83d"},
    {file = "psutil-5.8.0-cp37-cp37m-manylinux2010_x86_64.whl", hash = "sha256:0dd4465a039d343925cdc29023bb6960ccf4e74a65ad53e768403746a9207023"},
    {file = "psutil-5.8.0-cp37-cp37m-win32.whl", hash = "sha256:1bff0d07e76114ec24ee32e7f7f8d0c4b0514b3fae93e3d2aaafd65d22502394"},
    {file = "psutil-5.8.0-cp37-cp37m-win_amd64.whl", hash = "sha256:fcc01e900c1d7bee2a37e5d6e4f9194760a93597c97fee89c4ae51701de03563"},
    {file = "psutil-5.8.0-cp38-cp38-macosx_10_9_x86_64.whl", hash = "sha256:6223d07a1ae93f86451d0198a0c361032c4c93ebd4bf6d25e2fb3edfad9571ef"},
    {file = "psutil-5.8.0-cp38-cp38-manylinux2010_i686.whl", hash = "sha256:d225cd8319aa1d3c85bf195c4e07d17d3cd68636b8fc97e6cf198f782f99af28"},
    {file = "psutil-5.8.0-cp38-cp38-manylinux2010_x86_64.whl", hash = "sha256:28ff7c95293ae74bf1ca1a79e8805fcde005c18a122ca983abf676ea3466362b"},
    {file = "psutil-5.8.0-cp38-cp38-win32.whl", hash = "sha256:ce8b867423291cb65cfc6d9c4955ee9bfc1e21fe03bb50e177f2b957f1c2469d"},
    {file = "psutil-5.8.0-cp38-cp38-win_amd64.whl", hash = "sha256:90f31c34d25b1b3ed6c40cdd34ff122b1887a825297c017e4cbd6796dd8b672d"},
    {file = "psutil-5.8.0-cp39-cp39-macosx_10_9_x86_64.whl", hash = "sha256:6323d5d845c2785efb20aded4726636546b26d3b577aded22492908f7c1bdda7"},
    {file = "psutil-5.8.0-cp39-cp39-manylinux2010_i686.whl", hash = "sha256:245b5509968ac0bd179287d91210cd3f37add77dad385ef238b275bad35fa1c4"},
    {file = "psutil-5.8.0-cp39-cp39-manylinux2010_x86_64.whl", hash = "sha256:90d4091c2d30ddd0a03e0b97e6a33a48628469b99585e2ad6bf21f17423b112b"},
    {file = "psutil-5.8.0-cp39-cp39-win32.whl", hash = "sha256:ea372bcc129394485824ae3e3ddabe67dc0b118d262c568b4d2602a7070afdb0"},
    {file = "psutil-5.8.0-cp39-cp39-win_amd64.whl", hash = "sha256:f4634b033faf0d968bb9220dd1c793b897ab7f1189956e1aa9eae752527127d3"},
    {file = "psutil-5.8.0.tar.gz", hash = "sha256:0c9ccb99ab76025f2f0bbecf341d4656e9c1351db8cc8a03ccd62e318ab4b5c6"},
]
pyinstaller = [
    {file = "pyinstaller-4.7-py3-none-macosx_10_13_universal2.whl", hash = "sha256:0f488407108dd4e0531576552514889b2d5620367c81a177dfbe1eb628ad7a8c"},
    {file = "pyinstaller-4.7-py3-none-manylinux2014_aarch64.whl", hash = "sha256:5a130e2cf694975787026db1839b53c833b8d4922d850703c7076a06774cb6af"},
    {file = "pyinstaller-4.7-py3-none-manylinux2014_i686.whl", hash = "sha256:fea70754a8cdca04763d0cdbbb9b8b07854355232c8f512bc7211e2c07361c06"},
    {file = "pyinstaller-4.7-py3-none-manylinux2014_x86_64.whl", hash = "sha256:03636feec822de1d23d9753054f0b1229fb23d58723ae796f41b1127fc54f572"},
    {file = "pyinstaller-4.7-py3-none-musllinux_1_1_aarch64.whl", hash = "sha256:c766e1d643f8820fe70d12c3690911bc43556ae97e12885e2925fa43bc1e7649"},
    {file = "pyinstaller-4.7-py3-none-musllinux_1_1_x86_64.whl", hash = "sha256:ba410e9aadae61aa9172d56180ca381b3ad7abd721a31495db21cc82ede4003b"},
    {file = "pyinstaller-4.7-py3-none-win32.whl", hash = "sha256:7942ac8043e538422fe9c6733fe201e4d765d31ad13ff40bcc7b9bf4c2d0ad64"},
    {file = "pyinstaller-4.7-py3-none-win_amd64.whl", hash = "sha256:c8d3b4e64b0e6c1c837b5215077675796a7d95679245b40843343d647465fb69"},
    {file = "pyinstaller-4.7.tar.gz", hash = "sha256:2c7f4810dc5272ec1b388a7f1ff6b56d38653c1b0c9ac2d9dd54fa06b590e372"},
]
pyinstaller-hooks-contrib = [
    {file = "pyinstaller-hooks-contrib-2021.4.tar.gz", hash = "sha256:775b52200b39e12c95cc24f809eb050a97110fee819d178ebfde214f0f51e5f4"},
    {file = "pyinstaller_hooks_contrib-2021.4-py2.py3-none-any.whl", hash = "sha256:60a57e4057fa2183bbaa81f10401a27eb7dd701ef8a11b287bb6345b571f94e7"},
]
pyside2 = [
    {file = "PySide2-5.15.2-5.15.2-cp27-cp27m-macosx_10_13_intel.whl", hash = "sha256:4f17a0161995678110447711d685fcd7b15b762810e8f00f6dc239bffb70a32e"},
    {file = "PySide2-5.15.2-5.15.2-cp27-cp27mu-manylinux1_x86_64.whl", hash = "sha256:0558ced3bcd7f9da638fa8b7709dba5dae82a38728e481aac8b9058ea22fcdd9"},
    {file = "PySide2-5.15.2-5.15.2-cp35.cp36.cp37.cp38.cp39-abi3-macosx_10_13_intel.whl", hash = "sha256:976cacf01ef3b397a680f9228af7d3d6273b9254457ad4204731507c1f9e6c3c"},
    {file = "PySide2-5.15.2-5.15.2-cp35.cp36.cp37.cp38.cp39-abi3-manylinux1_x86_64.whl", hash = "sha256:081d8c8a6c65fb1392856a547814c0c014e25ac04b38b987d9a3483e879e9634"},
    {file = "PySide2-5.15.2-5.15.2-cp35.cp36.cp37.cp38.cp39-none-win32.whl", hash = "sha256:087a0b719bb967405ea85fd202757c761f1fc73d0e2397bc3a6a15376782ee75"},
    {file = "PySide2-5.15.2-5.15.2-cp35.cp36.cp37.cp38.cp39-none-win_amd64.whl", hash = "sha256:1316aa22dd330df096daf7b0defe9c00297a66e0b4907f057aaa3e88c53d1aff"},
]
pywin32 = [
    {file = "pywin32-302-cp310-cp310-win32.whl", hash = "sha256:251b7a9367355ccd1a4cd69cd8dd24bd57b29ad83edb2957cfa30f7ed9941efa"},
    {file = "pywin32-302-cp310-cp310-win_amd64.whl", hash = "sha256:79cf7e6ddaaf1cd47a9e50cc74b5d770801a9db6594464137b1b86aa91edafcc"},
    {file = "pywin32-302-cp36-cp36m-win32.whl", hash = "sha256:fe21c2fb332d03dac29de070f191bdbf14095167f8f2165fdc57db59b1ecc006"},
    {file = "pywin32-302-cp36-cp36m-win_amd64.whl", hash = "sha256:d3761ab4e8c5c2dbc156e2c9ccf38dd51f936dc77e58deb940ffbc4b82a30528"},
    {file = "pywin32-302-cp37-cp37m-win32.whl", hash = "sha256:48dd4e348f1ee9538dd4440bf201ea8c110ea6d9f3a5010d79452e9fa80480d9"},
    {file = "pywin32-302-cp37-cp37m-win_amd64.whl", hash = "sha256:496df89f10c054c9285cc99f9d509e243f4e14ec8dfc6d78c9f0bf147a893ab1"},
    {file = "pywin32-302-cp38-cp38-win32.whl", hash = "sha256:e372e477d938a49266136bff78279ed14445e00718b6c75543334351bf535259"},
    {file = "pywin32-302-cp38-cp38-win_amd64.whl", hash = "sha256:543552e66936378bd2d673c5a0a3d9903dba0b0a87235ef0c584f058ceef5872"},
    {file = "pywin32-302-cp39-cp39-win32.whl", hash = "sha256:2393c1a40dc4497fd6161b76801b8acd727c5610167762b7c3e9fd058ef4a6ab"},
    {file = "pywin32-302-cp39-cp39-win_amd64.whl", hash = "sha256:af5aea18167a31efcacc9f98a2ca932c6b6a6d91ebe31f007509e293dea12580"},
]
pyxdg = [
    {file = "pyxdg-0.27-py2.py3-none-any.whl", hash = "sha256:2d6701ab7c74bbab8caa6a95e0a0a129b1643cf6c298bf7c569adec06d0709a0"},
    {file = "pyxdg-0.27.tar.gz", hash = "sha256:80bd93aae5ed82435f20462ea0208fb198d8eec262e831ee06ce9ddb6b91c5a5"},
]
requests = [
    {file = "requests-2.26.0-py2.py3-none-any.whl", hash = "sha256:6c1246513ecd5ecd4528a0906f910e8f0f9c6b8ec72030dc9fd154dc1a6efd24"},
    {file = "requests-2.26.0.tar.gz", hash = "sha256:b8aa58f8cf793ffd8782d3d8cb19e66ef36f7aba4353eec859e74678b01b07a7"},
]
shiboken2 = [
    {file = "shiboken2-5.15.2-5.15.2-cp27-cp27m-macosx_10_13_intel.whl", hash = "sha256:03f41b0693b91c7f89627f1085a4ecbe8591c03f904118a034854d935e0e766c"},
    {file = "shiboken2-5.15.2-5.15.2-cp27-cp27mu-manylinux1_x86_64.whl", hash = "sha256:ae8ca41274cfa057106268b6249674ca669c5b21009ec49b16d77665ab9619ed"},
    {file = "shiboken2-5.15.2-5.15.2-cp35.cp36.cp37.cp38.cp39-abi3-macosx_10_13_intel.whl", hash = "sha256:edc12a4df2b5be7ca1e762ab94e331ba9e2fbfe3932c20378d8aa3f73f90e0af"},
    {file = "shiboken2-5.15.2-5.15.2-cp35.cp36.cp37.cp38.cp39-abi3-manylinux1_x86_64.whl", hash = "sha256:4aee1b91e339578f9831e824ce2a1ec3ba3a463f41fda8946b4547c7eb3cba86"},
    {file = "shiboken2-5.15.2-5.15.2-cp35.cp36.cp37.cp38.cp39-none-win32.whl", hash = "sha256:89c157a0e2271909330e1655892e7039249f7b79a64a443d52c512337065cde0"},
    {file = "shiboken2-5.15.2-5.15.2-cp35.cp36.cp37.cp38.cp39-none-win_amd64.whl", hash = "sha256:14a33169cf1bd919e4c4c4408fffbcd424c919a3f702df412b8d72b694e4c1d5"},
]
strip-ansi = [
    {file = "strip-ansi-0.1.1.tar.gz", hash = "sha256:5d60f239cc8a37fdd52b43c3e66e893d45ba0423115db59eca0d2eef83b07729"},
    {file = "strip_ansi-0.1.1-py3-none-any.whl", hash = "sha256:9f55280e1b0ba84dac49d4f18aa6b51b90ff766b22e4918ffc01cc87b394ecd1"},
]
termcolor = [
    {file = "termcolor-1.1.0.tar.gz", hash = "sha256:1d6d69ce66211143803fbc56652b41d73b4a400a2891d7bf7a1cdf4c02de613b"},
]
tomli = [
    {file = "tomli-1.2.3-py3-none-any.whl", hash = "sha256:e3069e4be3ead9668e21cb9b074cd948f7b3113fd9c8bba083f48247aab8b11c"},
    {file = "tomli-1.2.3.tar.gz", hash = "sha256:05b6166bff487dc068d322585c7ea4ef78deed501cc124060e0f238e89a9231f"},
]
typed-ast = [
    {file = "typed_ast-1.5.1-cp310-cp310-macosx_10_9_x86_64.whl", hash = "sha256:5d8314c92414ce7481eee7ad42b353943679cf6f30237b5ecbf7d835519e1212"},
    {file = "typed_ast-1.5.1-cp310-cp310-macosx_11_0_arm64.whl", hash = "sha256:b53ae5de5500529c76225d18eeb060efbcec90ad5e030713fe8dab0fb4531631"},
    {file = "typed_ast-1.5.1-cp310-cp310-manylinux_2_5_x86_64.manylinux1_x86_64.manylinux_2_12_x86_64.manylinux2010_x86_64.whl", hash = "sha256:24058827d8f5d633f97223f5148a7d22628099a3d2efe06654ce872f46f07cdb"},
    {file = "typed_ast-1.5.1-cp310-cp310-win_amd64.whl", hash = "sha256:a6d495c1ef572519a7bac9534dbf6d94c40e5b6a608ef41136133377bba4aa08"},
    {file = "typed_ast-1.5.1-cp36-cp36m-macosx_10_9_x86_64.whl", hash = "sha256:de4ecae89c7d8b56169473e08f6bfd2df7f95015591f43126e4ea7865928677e"},
    {file = "typed_ast-1.5.1-cp36-cp36m-manylinux_2_5_x86_64.manylinux1_x86_64.manylinux_2_12_x86_64.manylinux2010_x86_64.whl", hash = "sha256:256115a5bc7ea9e665c6314ed6671ee2c08ca380f9d5f130bd4d2c1f5848d695"},
    {file = "typed_ast-1.5.1-cp36-cp36m-win_amd64.whl", hash = "sha256:7c42707ab981b6cf4b73490c16e9d17fcd5227039720ca14abe415d39a173a30"},
    {file = "typed_ast-1.5.1-cp37-cp37m-macosx_10_9_x86_64.whl", hash = "sha256:71dcda943a471d826ea930dd449ac7e76db7be778fcd722deb63642bab32ea3f"},
    {file = "typed_ast-1.5.1-cp37-cp37m-manylinux_2_5_x86_64.manylinux1_x86_64.manylinux_2_12_x86_64.manylinux2010_x86_64.whl", hash = "sha256:4f30a2bcd8e68adbb791ce1567fdb897357506f7ea6716f6bbdd3053ac4d9471"},
    {file = "typed_ast-1.5.1-cp37-cp37m-win_amd64.whl", hash = "sha256:ca9e8300d8ba0b66d140820cf463438c8e7b4cdc6fd710c059bfcfb1531d03fb"},
    {file = "typed_ast-1.5.1-cp38-cp38-macosx_10_9_x86_64.whl", hash = "sha256:9caaf2b440efb39ecbc45e2fabde809cbe56272719131a6318fd9bf08b58e2cb"},
    {file = "typed_ast-1.5.1-cp38-cp38-macosx_11_0_arm64.whl", hash = "sha256:c9bcad65d66d594bffab8575f39420fe0ee96f66e23c4d927ebb4e24354ec1af"},
    {file = "typed_ast-1.5.1-cp38-cp38-manylinux_2_5_x86_64.manylinux1_x86_64.manylinux_2_12_x86_64.manylinux2010_x86_64.whl", hash = "sha256:591bc04e507595887160ed7aa8d6785867fb86c5793911be79ccede61ae96f4d"},
    {file = "typed_ast-1.5.1-cp38-cp38-win_amd64.whl", hash = "sha256:a80d84f535642420dd17e16ae25bb46c7f4c16ee231105e7f3eb43976a89670a"},
    {file = "typed_ast-1.5.1-cp39-cp39-macosx_10_9_x86_64.whl", hash = "sha256:38cf5c642fa808300bae1281460d4f9b7617cf864d4e383054a5ef336e344d32"},
    {file = "typed_ast-1.5.1-cp39-cp39-macosx_11_0_arm64.whl", hash = "sha256:5b6ab14c56bc9c7e3c30228a0a0b54b915b1579613f6e463ba6f4eb1382e7fd4"},
    {file = "typed_ast-1.5.1-cp39-cp39-manylinux_2_5_x86_64.manylinux1_x86_64.manylinux_2_12_x86_64.manylinux2010_x86_64.whl", hash = "sha256:a2b8d7007f6280e36fa42652df47087ac7b0a7d7f09f9468f07792ba646aac2d"},
    {file = "typed_ast-1.5.1-cp39-cp39-win_amd64.whl", hash = "sha256:b6d17f37f6edd879141e64a5db17b67488cfeffeedad8c5cec0392305e9bc775"},
    {file = "typed_ast-1.5.1.tar.gz", hash = "sha256:484137cab8ecf47e137260daa20bafbba5f4e3ec7fda1c1e69ab299b75fa81c5"},
]
typing-extensions = [
    {file = "typing_extensions-4.0.1-py3-none-any.whl", hash = "sha256:7f001e5ac290a0c0401508864c7ec868be4e701886d5b573a9528ed3973d9d3b"},
    {file = "typing_extensions-4.0.1.tar.gz", hash = "sha256:4ca091dea149f945ec56afb48dae714f21e8692ef22a395223bcd328961b6a0e"},
]
urllib3 = [
    {file = "urllib3-1.26.7-py2.py3-none-any.whl", hash = "sha256:c4fdf4019605b6e5423637e01bc9fe4daef873709a7973e195ceba0a62bbc844"},
    {file = "urllib3-1.26.7.tar.gz", hash = "sha256:4987c65554f7a2dbf30c18fd48778ef124af6fab771a377103da0585e2336ece"},
]
wmi = [
    {file = "WMI-1.5.1-py2.py3-none-any.whl", hash = "sha256:1d6b085e5c445141c475476000b661f60fff1aaa19f76bf82b7abb92e0ff4942"},
    {file = "WMI-1.5.1.tar.gz", hash = "sha256:b6a6be5711b1b6c8d55bda7a8befd75c48c12b770b9d227d31c1737dbf0d40a6"},
]
zipp = [
    {file = "zipp-3.6.0-py3-none-any.whl", hash = "sha256:9fe5ea21568a0a70e50f273397638d39b03353731e6cbbb3fd8502a33fec40bc"},
    {file = "zipp-3.6.0.tar.gz", hash = "sha256:71c644c5369f4a6e07636f0aa966270449561fcea2e3d6747b8d23efaa9d7832"},
]
