[[package]]
name = "altgraph"
version = "0.17.2"
description = "Python graph (network) package"
category = "main"
optional = false
python-versions = "*"

[[package]]
name = "appdirs"
version = "1.4.4"
description = "A small Python module for determining appropriate platform-specific dirs, e.g. a \"user data dir\"."
category = "main"
optional = false
python-versions = "*"

[[package]]
name = "black"
version = "22.6.0"
description = "The uncompromising code formatter."
category = "dev"
optional = false
python-versions = ">=3.6.2"

[package.dependencies]
click = ">=8.0.0"
mypy-extensions = ">=0.4.3"
pathspec = ">=0.9.0"
platformdirs = ">=2"
tomli = {version = ">=1.1.0", markers = "python_full_version < \"3.11.0a7\""}
typed-ast = {version = ">=1.4.2", markers = "python_version < \"3.8\" and implementation_name == \"cpython\""}
typing-extensions = {version = ">=3.10.0.0", markers = "python_version < \"3.10\""}

[package.extras]
colorama = ["colorama (>=0.4.3)"]
d = ["aiohttp (>=3.7.4)"]
jupyter = ["ipython (>=7.8.0)", "tokenize-rt (>=3.2.0)"]
uvloop = ["uvloop (>=0.15.2)"]

[[package]]
name = "click"
version = "8.1.3"
description = "Composable command line interface toolkit"
category = "main"
optional = false
python-versions = ">=3.7"

[package.dependencies]
colorama = {version = "*", markers = "platform_system == \"Windows\""}
importlib-metadata = {version = "*", markers = "python_version < \"3.8\""}

[[package]]
name = "colorama"
version = "0.4.5"
description = "Cross-platform colored terminal text."
category = "main"
optional = false
python-versions = ">=2.7, !=3.0.*, !=3.1.*, !=3.2.*, !=3.3.*, !=3.4.*"

[[package]]
name = "cx-freeze"
version = "6.11.1"
description = "Create standalone executables from Python scripts"
category = "main"
optional = false
python-versions = ">=3.6"

[package.dependencies]
cx-logging = {version = ">=3.0", markers = "sys_platform == \"win32\" and python_version < \"3.10\""}
importlib-metadata = {version = ">=4.8.3", markers = "python_version < \"3.10\""}
lief = {version = ">=0.11.5", markers = "sys_platform == \"win32\" and python_version <= \"3.10\""}
packaging = ">=21.0"

[package.extras]
dev = ["bump2version (>=1.0.1)", "pre-commit (>=2.17.0)", "pylint (>=2.13.0)", "cibuildwheel (==2.6.1)"]
doc = ["sphinx (>=5.0.1,<6.0.0)", "sphinx-rtd-theme (==1.0.0)"]
test = ["nose (==1.3.7)", "pygments (>=2.11.2)", "pytest (>=7.0.1)", "pytest-cov (==3.0.0)", "pytest-mock (>=3.6.1)", "pytest-timeout (>=1.4.2)"]

[[package]]
name = "cx-logging"
version = "3.0"
description = "Python and C interfaces for logging"
category = "main"
optional = false
python-versions = "*"

[[package]]
name = "importlib-metadata"
version = "4.12.0"
description = "Read metadata from Python packages"
category = "main"
optional = false
python-versions = ">=3.7"

[package.dependencies]
typing-extensions = {version = ">=3.6.4", markers = "python_version < \"3.8\""}
zipp = ">=0.5"

[package.extras]
docs = ["sphinx", "jaraco.packaging (>=9)", "rst.linker (>=1.9)"]
perf = ["ipython"]
testing = ["pytest (>=6)", "pytest-checkdocs (>=2.4)", "pytest-flake8", "pytest-cov", "pytest-enabler (>=1.3)", "packaging", "pyfakefs", "flufl.flake8", "pytest-perf (>=0.9.2)", "pytest-black (>=0.3.7)", "pytest-mypy (>=0.9.1)", "importlib-resources (>=1.3)"]

[[package]]
name = "lief"
version = "0.12.1"
description = "Library to instrument executable formats"
category = "main"
optional = false
python-versions = ">=3.6"

[[package]]
name = "macholib"
version = "1.16"
description = "Mach-O header analysis and editing"
category = "main"
optional = false
python-versions = "*"

[package.dependencies]
altgraph = ">=0.15"

[[package]]
name = "mypy-extensions"
version = "0.4.3"
description = "Experimental type system extensions for programs checked with the mypy typechecker."
category = "dev"
optional = false
python-versions = "*"

[[package]]
name = "packaging"
version = "21.3"
description = "Core utilities for Python packages"
category = "main"
optional = false
python-versions = ">=3.6"

[package.dependencies]
pyparsing = ">=2.0.2,<3.0.5 || >3.0.5"

[[package]]
name = "pathspec"
version = "0.9.0"
description = "Utility library for gitignore style pattern matching of file paths."
category = "dev"
optional = false
python-versions = "!=3.0.*,!=3.1.*,!=3.2.*,!=3.3.*,!=3.4.*,>=2.7"

[[package]]
name = "platformdirs"
version = "2.5.2"
description = "A small Python module for determining appropriate platform-specific dirs, e.g. a \"user data dir\"."
category = "dev"
optional = false
python-versions = ">=3.7"

[package.extras]
docs = ["furo (>=2021.7.5b38)", "proselint (>=0.10.2)", "sphinx-autodoc-typehints (>=1.12)", "sphinx (>=4)"]
test = ["appdirs (==1.4.4)", "pytest-cov (>=2.7)", "pytest-mock (>=3.6)", "pytest (>=6)"]

[[package]]
name = "pyinstaller"
version = "5.3"
description = "PyInstaller bundles a Python application and all its dependencies into a single package."
category = "main"
optional = false
python-versions = "<3.11,>=3.7"

[package.dependencies]
altgraph = "*"
importlib-metadata = {version = "*", markers = "python_version < \"3.8\""}
macholib = {version = ">=1.8", markers = "sys_platform == \"darwin\""}
pyinstaller-hooks-contrib = ">=2021.4"

[package.extras]
encryption = ["tinyaes (>=1.0.0)"]
hook_testing = ["pytest (>=2.7.3)", "execnet (>=1.5.0)", "psutil"]

[[package]]
name = "pyinstaller-hooks-contrib"
version = "2022.8"
description = "Community maintained hooks for PyInstaller"
category = "main"
optional = false
python-versions = ">=3.7"

[[package]]
name = "pyparsing"
version = "3.0.9"
description = "pyparsing module - Classes and methods to define and execute parsing grammars"
category = "main"
optional = false
python-versions = ">=3.6.8"

[package.extras]
diagrams = ["railroad-diagrams", "jinja2"]

[[package]]
name = "pyside2"
version = "5.15.2"
description = "Python bindings for the Qt cross-platform application and UI framework"
category = "main"
optional = false
python-versions = ">=2.7, !=3.0.*, !=3.1.*, !=3.2.*, !=3.3.*, !=3.4.*, <3.10"

[package.dependencies]
shiboken2 = "5.15.2"

[[package]]
name = "pywin32"
version = "304"
description = "Python for Window Extensions"
category = "main"
optional = false
python-versions = "*"

[[package]]
name = "pyxdg"
version = "0.28"
description = "PyXDG contains implementations of freedesktop.org standards in python."
category = "main"
optional = false
python-versions = "*"

[[package]]
name = "shiboken2"
version = "5.15.2"
description = "Python / C++ bindings helper module"
category = "main"
optional = false
python-versions = ">=2.7, !=3.0.*, !=3.1.*, !=3.2.*, !=3.3.*, !=3.4.*, <3.10"

[[package]]
name = "strip-ansi"
version = "0.1.1"
description = "Strip ANSI escape sequences from a string"
category = "main"
optional = false
python-versions = ">=3.6,<4.0"

[[package]]
name = "tomli"
version = "2.0.1"
description = "A lil' TOML parser"
category = "dev"
optional = false
python-versions = ">=3.7"

[[package]]
name = "typed-ast"
version = "1.5.4"
description = "a fork of Python 2 and 3 ast modules with type comment support"
category = "dev"
optional = false
python-versions = ">=3.6"

[[package]]
name = "typing-extensions"
version = "4.3.0"
description = "Backported and Experimental Type Hints for Python 3.7+"
category = "main"
optional = false
python-versions = ">=3.7"

[[package]]
name = "zipp"
version = "3.8.1"
description = "Backport of pathlib-compatible object wrapper for zip files"
category = "main"
optional = false
python-versions = ">=3.7"

[package.extras]
docs = ["sphinx", "jaraco.packaging (>=9)", "rst.linker (>=1.9)", "jaraco.tidelift (>=1.4)"]
testing = ["pytest (>=6)", "pytest-checkdocs (>=2.4)", "pytest-flake8", "pytest-cov", "pytest-enabler (>=1.3)", "jaraco.itertools", "func-timeout", "pytest-black (>=0.3.7)", "pytest-mypy (>=0.9.1)"]

[metadata]
lock-version = "1.1"
python-versions = ">=3.7,<3.10"
content-hash = "19acb0aca534fde07bfdd373a503f3d07076cb27d78f38a1c9b0f2c8d7f0f39c"

[metadata.files]
altgraph = [
    {file = "altgraph-0.17.2-py2.py3-none-any.whl", hash = "sha256:743628f2ac6a7c26f5d9223c91ed8ecbba535f506f4b6f558885a8a56a105857"},
    {file = "altgraph-0.17.2.tar.gz", hash = "sha256:ebf2269361b47d97b3b88e696439f6e4cbc607c17c51feb1754f90fb79839158"},
]
appdirs = [
    {file = "appdirs-1.4.4-py2.py3-none-any.whl", hash = "sha256:a841dacd6b99318a741b166adb07e19ee71a274450e68237b4650ca1055ab128"},
    {file = "appdirs-1.4.4.tar.gz", hash = "sha256:7d5d0167b2b1ba821647616af46a749d1c653740dd0d2415100fe26e27afdf41"},
]
black = []
click = [
    {file = "click-8.1.3-py3-none-any.whl", hash = "sha256:bb4d8133cb15a609f44e8213d9b391b0809795062913b383c62be0ee95b1db48"},
    {file = "click-8.1.3.tar.gz", hash = "sha256:7682dc8afb30297001674575ea00d1814d808d6a36af415a82bd481d37ba7b8e"},
]
colorama = []
cx-freeze = []
cx-logging = [
    {file = "cx_Logging-3.0-cp36-cp36m-manylinux1_x86_64.whl", hash = "sha256:9fcd297e5c51470521c47eff0f86ba844aeca6be97e13c3e2114ebdf03fa3c96"},
    {file = "cx_Logging-3.0-cp36-cp36m-win32.whl", hash = "sha256:0df4be47c5022cc54316949e283403214568ef599817ced0c0972183d6d4fabb"},
    {file = "cx_Logging-3.0-cp36-cp36m-win_amd64.whl", hash = "sha256:203ca92ee7c15d5dfe1fcdfcef7b39d0123eba5c6d8c2388b6e7db6b961a5362"},
    {file = "cx_Logging-3.0-cp37-cp37m-manylinux1_x86_64.whl", hash = "sha256:20daa71b2a30f61d09bcf55dbda002c10f0c7c691f53cb393fc6485410fa2484"},
    {file = "cx_Logging-3.0-cp37-cp37m-win32.whl", hash = "sha256:5be5f905e8d34a3326e28d428674cdc2d57912fdf6e25b8676d63f76294eb4e0"},
    {file = "cx_Logging-3.0-cp37-cp37m-win_amd64.whl", hash = "sha256:04e4b61e2636dc8ae135937655af6626362aefc7f6175e86888a244b61001823"},
    {file = "cx_Logging-3.0-cp38-cp38-manylinux1_x86_64.whl", hash = "sha256:1bf0ebc79a7baa331c7deaf57088c234b82710286dfad453ff0c55eee0122b72"},
    {file = "cx_Logging-3.0-cp38-cp38-win32.whl", hash = "sha256:d98a59a47e99fa430b3f6d2a979e27509852d2c43e204f43bd0168e7ec97f469"},
    {file = "cx_Logging-3.0-cp38-cp38-win_amd64.whl", hash = "sha256:bb2e91019e5905415f795eef994de60ace5ae186fc4fe3d358e2d8feebb24992"},
    {file = "cx_Logging-3.0-cp39-cp39-manylinux1_x86_64.whl", hash = "sha256:b6f4a9b750e02a180517f779d174a1c7db651981cd37e5623235b87da9774dfd"},
    {file = "cx_Logging-3.0-cp39-cp39-win32.whl", hash = "sha256:e7cca28e8ee4082654b6062cc4d06f83d48f1a7e2d152bab020c9e3e373afb90"},
    {file = "cx_Logging-3.0-cp39-cp39-win_amd64.whl", hash = "sha256:302e9c4f65a936c288a4fa59a90e7e142d9ef994aa29676731acafdcccdbb3f5"},
    {file = "cx_Logging-3.0.tar.gz", hash = "sha256:ba8a7465facf7b98d8f494030fb481a2e8aeee29dc191e10383bb54ed42bdb34"},
]
importlib-metadata = []
lief = [
    {file = "lief-0.12.1-cp310-cp310-macosx_10_14_x86_64.whl", hash = "sha256:4fbbc9d520de87ac22210c62d22a9b088e5460f9a028741311e6f68ef8877ddd"},
    {file = "lief-0.12.1-cp310-cp310-manylinux_2_17_x86_64.manylinux2014_x86_64.whl", hash = "sha256:443e4494df448ea1a021976258c7a6aca27d81b0612783fa3a84fab196fb9fcb"},
    {file = "lief-0.12.1-cp310-cp310-win32.whl", hash = "sha256:1c4019dddf03a5185462fb5ea04327cee08d40f46777b02f0773c7dc294552ea"},
    {file = "lief-0.12.1-cp310-cp310-win_amd64.whl", hash = "sha256:d7e09968f99ddf1e3983d3bcc16c62d1b6635a345fee8d8139f82b31bad457d6"},
    {file = "lief-0.12.1-cp36-cp36m-macosx_10_14_x86_64.whl", hash = "sha256:9fa6269ec4fa3f874b807fbba3c48a46af30df2497723f6966080e3eb630cb26"},
    {file = "lief-0.12.1-cp36-cp36m-manylinux_2_17_x86_64.manylinux2014_x86_64.whl", hash = "sha256:a78b05cac5fa491e01e1819573bbbbcaea0a4229f4aa3a2edb231b5695ddaf2d"},
    {file = "lief-0.12.1-cp36-cp36m-win32.whl", hash = "sha256:f1292bff96579c18e01e20b7a14043052379fe6e9a476c1d6d88aca43e5f9ac7"},
    {file = "lief-0.12.1-cp36-cp36m-win_amd64.whl", hash = "sha256:dab63876113bd573d64ce043f50153f6e2810e5e78256397aa0fe1fedf82ab84"},
    {file = "lief-0.12.1-cp37-cp37m-macosx_10_14_x86_64.whl", hash = "sha256:5771f5226b62c885a7aa30c1b98040d39229a1dab889d03155e5538e57d0054b"},
    {file = "lief-0.12.1-cp37-cp37m-manylinux2014_aarch64.whl", hash = "sha256:8ec307a762505076a6d31566225a231c44ec7063c0e7d751ac4654c674454c47"},
    {file = "lief-0.12.1-cp37-cp37m-manylinux_2_17_x86_64.manylinux2014_x86_64.whl", hash = "sha256:a755f6088d3b2041e4402adf917ac87e5ad9d1c5278973f48a29a5631fe393eb"},
    {file = "lief-0.12.1-cp37-cp37m-win32.whl", hash = "sha256:5d746f7eb6d3bf35a0230c7184aaaf434cb1ea89d7e7c8e8fe14a49cf2bb17a0"},
    {file = "lief-0.12.1-cp37-cp37m-win_amd64.whl", hash = "sha256:2d3ab7212da696bcbe5ca9dd78ceaa32dfb8a0e85e18001793b4441ef4624561"},
    {file = "lief-0.12.1-cp38-cp38-macosx_10_14_x86_64.whl", hash = "sha256:4360b0acd525ba77777cc38f0e5128c90c93cc4e91ab566ef3aa45b7f8a8c57e"},
    {file = "lief-0.12.1-cp38-cp38-manylinux2014_aarch64.whl", hash = "sha256:5e82e466d36cbabb28cc1a787b554d2feae5ab55c39cab58ef64fb6513bad92a"},
    {file = "lief-0.12.1-cp38-cp38-manylinux_2_17_x86_64.manylinux2014_x86_64.whl", hash = "sha256:efa0022a3bf70ef46335639e61b946cc2d9cf012d60e263c215e3e64b1ce38b4"},
    {file = "lief-0.12.1-cp38-cp38-win32.whl", hash = "sha256:d29f91d9f64f67d3ada5b7e0e48ab084d825fb4601d32d9fecdd2bdf23cdad23"},
    {file = "lief-0.12.1-cp38-cp38-win_amd64.whl", hash = "sha256:7dea6b3f17d362f93165379c46dadb012c73b1f751c8ceac256e5f43842cd86d"},
    {file = "lief-0.12.1-cp39-cp39-macosx_10_14_x86_64.whl", hash = "sha256:44012da4c32c670a97bb8a055a4ff16168cfaa757d03986f319aa3329a43e343"},
    {file = "lief-0.12.1-cp39-cp39-manylinux2014_aarch64.whl", hash = "sha256:e1d23997b0a71d34e766ff183be07854c6f698fd3d6aa44bf30b6b7f4f77ef55"},
    {file = "lief-0.12.1-cp39-cp39-manylinux_2_17_x86_64.manylinux2014_x86_64.whl", hash = "sha256:b845eca79c772041efb38b50cfaf951e24bc047ec462450b7e54e75b7e2bee0d"},
    {file = "lief-0.12.1-cp39-cp39-win32.whl", hash = "sha256:0df84ac2df20b14db12e69442d39b0e8cd89428ba3b131995e0570bcd3725460"},
    {file = "lief-0.12.1-cp39-cp39-win_amd64.whl", hash = "sha256:960a2da9f28c8d5dba753bb9ab77e26b3c6ff9b9658918be95650ceb8ee91e68"},
    {file = "lief-0.12.1.zip", hash = "sha256:4ff4ccfae2e1ee4ccba2b5556027dbb56282b8a973c5835c5b597e8b7b664416"},
]
macholib = [
    {file = "macholib-1.16-py2.py3-none-any.whl", hash = "sha256:5a0742b587e6e57bfade1ab90651d4877185bf66fd4a176a488116de36878229"},
    {file = "macholib-1.16.tar.gz", hash = "sha256:001bf281279b986a66d7821790d734e61150d52f40c080899df8fefae056e9f7"},
]
mypy-extensions = [
    {file = "mypy_extensions-0.4.3-py2.py3-none-any.whl", hash = "sha256:090fedd75945a69ae91ce1303b5824f428daf5a028d2f6ab8a299250a846f15d"},
    {file = "mypy_extensions-0.4.3.tar.gz", hash = "sha256:2d82818f5bb3e369420cb3c4060a7970edba416647068eb4c5343488a6c604a8"},
]
packaging = [
    {file = "packaging-21.3-py3-none-any.whl", hash = "sha256:ef103e05f519cdc783ae24ea4e2e0f508a9c99b2d4969652eed6a2e1ea5bd522"},
    {file = "packaging-21.3.tar.gz", hash = "sha256:dd47c42927d89ab911e606518907cc2d3a1f38bbd026385970643f9c5b8ecfeb"},
]
pathspec = [
    {file = "pathspec-0.9.0-py2.py3-none-any.whl", hash = "sha256:7d15c4ddb0b5c802d161efc417ec1a2558ea2653c2e8ad9c19098201dc1c993a"},
    {file = "pathspec-0.9.0.tar.gz", hash = "sha256:e564499435a2673d586f6b2130bb5b95f04a3ba06f81b8f895b651a3c76aabb1"},
]
platformdirs = [
    {file = "platformdirs-2.5.2-py3-none-any.whl", hash = "sha256:027d8e83a2d7de06bbac4e5ef7e023c02b863d7ea5d079477e722bb41ab25788"},
    {file = "platformdirs-2.5.2.tar.gz", hash = "sha256:58c8abb07dcb441e6ee4b11d8df0ac856038f944ab98b7be6b27b2a3c7feef19"},
]
pyinstaller = []
pyinstaller-hooks-contrib = []
pyparsing = [
    {file = "pyparsing-3.0.9-py3-none-any.whl", hash = "sha256:5026bae9a10eeaefb61dab2f09052b9f4307d44aee4eda64b309723d8d206bbc"},
    {file = "pyparsing-3.0.9.tar.gz", hash = "sha256:2b020ecf7d21b687f219b71ecad3631f644a47f01403fa1d1036b0c6416d70fb"},
]
pyside2 = [
    {file = "PySide2-5.15.2-5.15.2-cp27-cp27m-macosx_10_13_intel.whl", hash = "sha256:4f17a0161995678110447711d685fcd7b15b762810e8f00f6dc239bffb70a32e"},
    {file = "PySide2-5.15.2-5.15.2-cp27-cp27mu-manylinux1_x86_64.whl", hash = "sha256:0558ced3bcd7f9da638fa8b7709dba5dae82a38728e481aac8b9058ea22fcdd9"},
    {file = "PySide2-5.15.2-5.15.2-cp35.cp36.cp37.cp38.cp39-abi3-macosx_10_13_intel.whl", hash = "sha256:976cacf01ef3b397a680f9228af7d3d6273b9254457ad4204731507c1f9e6c3c"},
    {file = "PySide2-5.15.2-5.15.2-cp35.cp36.cp37.cp38.cp39-abi3-manylinux1_x86_64.whl", hash = "sha256:081d8c8a6c65fb1392856a547814c0c014e25ac04b38b987d9a3483e879e9634"},
    {file = "PySide2-5.15.2-5.15.2-cp35.cp36.cp37.cp38.cp39-none-win32.whl", hash = "sha256:087a0b719bb967405ea85fd202757c761f1fc73d0e2397bc3a6a15376782ee75"},
    {file = "PySide2-5.15.2-5.15.2-cp35.cp36.cp37.cp38.cp39-none-win_amd64.whl", hash = "sha256:1316aa22dd330df096daf7b0defe9c00297a66e0b4907f057aaa3e88c53d1aff"},
]
pywin32 = [
    {file = "pywin32-304-cp310-cp310-win32.whl", hash = "sha256:3c7bacf5e24298c86314f03fa20e16558a4e4138fc34615d7de4070c23e65af3"},
    {file = "pywin32-304-cp310-cp310-win_amd64.whl", hash = "sha256:4f32145913a2447736dad62495199a8e280a77a0ca662daa2332acf849f0be48"},
    {file = "pywin32-304-cp310-cp310-win_arm64.whl", hash = "sha256:d3ee45adff48e0551d1aa60d2ec066fec006083b791f5c3527c40cd8aefac71f"},
    {file = "pywin32-304-cp311-cp311-win32.whl", hash = "sha256:30c53d6ce44c12a316a06c153ea74152d3b1342610f1b99d40ba2795e5af0269"},
    {file = "pywin32-304-cp311-cp311-win_amd64.whl", hash = "sha256:7ffa0c0fa4ae4077e8b8aa73800540ef8c24530057768c3ac57c609f99a14fd4"},
    {file = "pywin32-304-cp311-cp311-win_arm64.whl", hash = "sha256:cbbe34dad39bdbaa2889a424d28752f1b4971939b14b1bb48cbf0182a3bcfc43"},
    {file = "pywin32-304-cp36-cp36m-win32.whl", hash = "sha256:be253e7b14bc601718f014d2832e4c18a5b023cbe72db826da63df76b77507a1"},
    {file = "pywin32-304-cp36-cp36m-win_amd64.whl", hash = "sha256:de9827c23321dcf43d2f288f09f3b6d772fee11e809015bdae9e69fe13213988"},
    {file = "pywin32-304-cp37-cp37m-win32.whl", hash = "sha256:f64c0377cf01b61bd5e76c25e1480ca8ab3b73f0c4add50538d332afdf8f69c5"},
    {file = "pywin32-304-cp37-cp37m-win_amd64.whl", hash = "sha256:bb2ea2aa81e96eee6a6b79d87e1d1648d3f8b87f9a64499e0b92b30d141e76df"},
    {file = "pywin32-304-cp38-cp38-win32.whl", hash = "sha256:94037b5259701988954931333aafd39cf897e990852115656b014ce72e052e96"},
    {file = "pywin32-304-cp38-cp38-win_amd64.whl", hash = "sha256:ead865a2e179b30fb717831f73cf4373401fc62fbc3455a0889a7ddac848f83e"},
    {file = "pywin32-304-cp39-cp39-win32.whl", hash = "sha256:25746d841201fd9f96b648a248f731c1dec851c9a08b8e33da8b56148e4c65cc"},
    {file = "pywin32-304-cp39-cp39-win_amd64.whl", hash = "sha256:d24a3382f013b21aa24a5cfbfad5a2cd9926610c0affde3e8ab5b3d7dbcf4ac9"},
]
pyxdg = [
    {file = "pyxdg-0.28-py2.py3-none-any.whl", hash = "sha256:bdaf595999a0178ecea4052b7f4195569c1ff4d344567bccdc12dfdf02d545ab"},
    {file = "pyxdg-0.28.tar.gz", hash = "sha256:3267bb3074e934df202af2ee0868575484108581e6f3cb006af1da35395e88b4"},
]
shiboken2 = [
    {file = "shiboken2-5.15.2-5.15.2-cp27-cp27m-macosx_10_13_intel.whl", hash = "sha256:03f41b0693b91c7f89627f1085a4ecbe8591c03f904118a034854d935e0e766c"},
    {file = "shiboken2-5.15.2-5.15.2-cp27-cp27mu-manylinux1_x86_64.whl", hash = "sha256:ae8ca41274cfa057106268b6249674ca669c5b21009ec49b16d77665ab9619ed"},
    {file = "shiboken2-5.15.2-5.15.2-cp35.cp36.cp37.cp38.cp39-abi3-macosx_10_13_intel.whl", hash = "sha256:edc12a4df2b5be7ca1e762ab94e331ba9e2fbfe3932c20378d8aa3f73f90e0af"},
    {file = "shiboken2-5.15.2-5.15.2-cp35.cp36.cp37.cp38.cp39-abi3-manylinux1_x86_64.whl", hash = "sha256:4aee1b91e339578f9831e824ce2a1ec3ba3a463f41fda8946b4547c7eb3cba86"},
    {file = "shiboken2-5.15.2-5.15.2-cp35.cp36.cp37.cp38.cp39-none-win32.whl", hash = "sha256:89c157a0e2271909330e1655892e7039249f7b79a64a443d52c512337065cde0"},
    {file = "shiboken2-5.15.2-5.15.2-cp35.cp36.cp37.cp38.cp39-none-win_amd64.whl", hash = "sha256:14a33169cf1bd919e4c4c4408fffbcd424c919a3f702df412b8d72b694e4c1d5"},
]
strip-ansi = [
    {file = "strip-ansi-0.1.1.tar.gz", hash = "sha256:5d60f239cc8a37fdd52b43c3e66e893d45ba0423115db59eca0d2eef83b07729"},
    {file = "strip_ansi-0.1.1-py3-none-any.whl", hash = "sha256:9f55280e1b0ba84dac49d4f18aa6b51b90ff766b22e4918ffc01cc87b394ecd1"},
]
tomli = [
    {file = "tomli-2.0.1-py3-none-any.whl", hash = "sha256:939de3e7a6161af0c887ef91b7d41a53e7c5a1ca976325f429cb46ea9bc30ecc"},
    {file = "tomli-2.0.1.tar.gz", hash = "sha256:de526c12914f0c550d15924c62d72abc48d6fe7364aa87328337a31007fe8a4f"},
]
typed-ast = [
    {file = "typed_ast-1.5.4-cp310-cp310-macosx_10_9_x86_64.whl", hash = "sha256:669dd0c4167f6f2cd9f57041e03c3c2ebf9063d0757dc89f79ba1daa2bfca9d4"},
    {file = "typed_ast-1.5.4-cp310-cp310-macosx_11_0_arm64.whl", hash = "sha256:211260621ab1cd7324e0798d6be953d00b74e0428382991adfddb352252f1d62"},
    {file = "typed_ast-1.5.4-cp310-cp310-manylinux_2_17_aarch64.manylinux2014_aarch64.whl", hash = "sha256:267e3f78697a6c00c689c03db4876dd1efdfea2f251a5ad6555e82a26847b4ac"},
    {file = "typed_ast-1.5.4-cp310-cp310-manylinux_2_5_x86_64.manylinux1_x86_64.manylinux_2_12_x86_64.manylinux2010_x86_64.whl", hash = "sha256:c542eeda69212fa10a7ada75e668876fdec5f856cd3d06829e6aa64ad17c8dfe"},
    {file = "typed_ast-1.5.4-cp310-cp310-win_amd64.whl", hash = "sha256:a9916d2bb8865f973824fb47436fa45e1ebf2efd920f2b9f99342cb7fab93f72"},
    {file = "typed_ast-1.5.4-cp36-cp36m-macosx_10_9_x86_64.whl", hash = "sha256:79b1e0869db7c830ba6a981d58711c88b6677506e648496b1f64ac7d15633aec"},
    {file = "typed_ast-1.5.4-cp36-cp36m-manylinux_2_17_aarch64.manylinux2014_aarch64.whl", hash = "sha256:a94d55d142c9265f4ea46fab70977a1944ecae359ae867397757d836ea5a3f47"},
    {file = "typed_ast-1.5.4-cp36-cp36m-manylinux_2_5_x86_64.manylinux1_x86_64.manylinux_2_12_x86_64.manylinux2010_x86_64.whl", hash = "sha256:183afdf0ec5b1b211724dfef3d2cad2d767cbefac291f24d69b00546c1837fb6"},
    {file = "typed_ast-1.5.4-cp36-cp36m-win_amd64.whl", hash = "sha256:639c5f0b21776605dd6c9dbe592d5228f021404dafd377e2b7ac046b0349b1a1"},
    {file = "typed_ast-1.5.4-cp37-cp37m-macosx_10_9_x86_64.whl", hash = "sha256:cf4afcfac006ece570e32d6fa90ab74a17245b83dfd6655a6f68568098345ff6"},
    {file = "typed_ast-1.5.4-cp37-cp37m-manylinux_2_17_aarch64.manylinux2014_aarch64.whl", hash = "sha256:ed855bbe3eb3715fca349c80174cfcfd699c2f9de574d40527b8429acae23a66"},
    {file = "typed_ast-1.5.4-cp37-cp37m-manylinux_2_5_x86_64.manylinux1_x86_64.manylinux_2_12_x86_64.manylinux2010_x86_64.whl", hash = "sha256:6778e1b2f81dfc7bc58e4b259363b83d2e509a65198e85d5700dfae4c6c8ff1c"},
    {file = "typed_ast-1.5.4-cp37-cp37m-win_amd64.whl", hash = "sha256:0261195c2062caf107831e92a76764c81227dae162c4f75192c0d489faf751a2"},
    {file = "typed_ast-1.5.4-cp38-cp38-macosx_10_9_x86_64.whl", hash = "sha256:2efae9db7a8c05ad5547d522e7dbe62c83d838d3906a3716d1478b6c1d61388d"},
    {file = "typed_ast-1.5.4-cp38-cp38-macosx_11_0_arm64.whl", hash = "sha256:7d5d014b7daa8b0bf2eaef684295acae12b036d79f54178b92a2b6a56f92278f"},
    {file = "typed_ast-1.5.4-cp38-cp38-manylinux_2_17_aarch64.manylinux2014_aarch64.whl", hash = "sha256:370788a63915e82fd6f212865a596a0fefcbb7d408bbbb13dea723d971ed8bdc"},
    {file = "typed_ast-1.5.4-cp38-cp38-manylinux_2_5_x86_64.manylinux1_x86_64.manylinux_2_12_x86_64.manylinux2010_x86_64.whl", hash = "sha256:4e964b4ff86550a7a7d56345c7864b18f403f5bd7380edf44a3c1fb4ee7ac6c6"},
    {file = "typed_ast-1.5.4-cp38-cp38-win_amd64.whl", hash = "sha256:683407d92dc953c8a7347119596f0b0e6c55eb98ebebd9b23437501b28dcbb8e"},
    {file = "typed_ast-1.5.4-cp39-cp39-macosx_10_9_x86_64.whl", hash = "sha256:4879da6c9b73443f97e731b617184a596ac1235fe91f98d279a7af36c796da35"},
    {file = "typed_ast-1.5.4-cp39-cp39-macosx_11_0_arm64.whl", hash = "sha256:3e123d878ba170397916557d31c8f589951e353cc95fb7f24f6bb69adc1a8a97"},
    {file = "typed_ast-1.5.4-cp39-cp39-manylinux_2_17_aarch64.manylinux2014_aarch64.whl", hash = "sha256:ebd9d7f80ccf7a82ac5f88c521115cc55d84e35bf8b446fcd7836eb6b98929a3"},
    {file = "typed_ast-1.5.4-cp39-cp39-manylinux_2_5_x86_64.manylinux1_x86_64.manylinux_2_12_x86_64.manylinux2010_x86_64.whl", hash = "sha256:98f80dee3c03455e92796b58b98ff6ca0b2a6f652120c263efdba4d6c5e58f72"},
    {file = "typed_ast-1.5.4-cp39-cp39-win_amd64.whl", hash = "sha256:0fdbcf2fef0ca421a3f5912555804296f0b0960f0418c440f5d6d3abb549f3e1"},
    {file = "typed_ast-1.5.4.tar.gz", hash = "sha256:39e21ceb7388e4bb37f4c679d72707ed46c2fbf2a5609b8b8ebc4b067d977df2"},
]
typing-extensions = []
zipp = []
