# THIS IS AN AUTOGENERATED FILE. DO NOT EDIT THIS FILE DIRECTLY.
# yarn lockfile v1


"@antfu/install-pkg@^2.0.1":
  version "2.1.0"
  resolved "https://registry.yarnpkg.com/@antfu/install-pkg/-/install-pkg-2.1.0.tgz#0e227e9161f8c9821b1a8944ff26366be929a519"
  integrity sha512-sdg9NxU3zR4Mnawfbc/x6GB5Wf17WYud5qOuEuxXjaKpYpMkISSJEjItGebXJ2bQ4DIcly4NYH23mtkGJjvKUw==
  dependencies:
    package-manager-detector "^1.8.0"
    tinyexec "^1.3.1"

"@braintree/sanitize-url@^7.1.2":
  version "7.1.2"
  resolved "https://registry.yarnpkg.com/@braintree/sanitize-url/-/sanitize-url-7.1.2.tgz#ca2035b0fefe956a8676ff0c69af73e605fcd81f"
  integrity sha512-jigsZK+sMF/cuiB7sERuo9V7N9jx+dhmHHnQyDSVdpZwVutaBu7WvNYqMDLSgFgfB30n452TP3vjDAvFC973mA==

"@chevrotain/types@~11.1.2":
  version "11.1.2"
  resolved "https://registry.yarnpkg.com/@chevrotain/types/-/types-11.1.2.tgz#e83a1a2704f0c5e49e7592b214031a0f4a34d7e5"
  integrity sha512-U+HFai5+zmJCkK86QsaJtoITlboZHBqrVketcO2ROv865xfCMSFpELQoz1GkX5GzME8pTa+3kbKrZHQtI0gdbw==

"@iconify/types@^2.0.0":
  version "2.0.0"
  resolved "https://registry.yarnpkg.com/@iconify/types/-/types-2.0.0.tgz#ab0e9ea681d6c8a1214f30cd741fe3a20cc57f57"
  integrity sha512-+wluvCrRhXrhyOmRDJ3q8mux9JkKy5SJ/v8ol2tu4FVjyYvtEzkc/3pK15ET6RKg4b4w4BmTk1+gsCUhf21Ykg==

"@iconify/utils@^3.0.2":
  version "3.1.7"
  resolved "https://registry.yarnpkg.com/@iconify/utils/-/utils-3.1.7.tgz#fff11c528490b119a250ace3cf35a0a78e182317"
  integrity sha512-JZHlwdID+dy+lTgbYC8NEC4zeugqeYsc6jewvzb4c58kHauJn+X7rNwQjxz5p2qSjqaEeQoLkCIQ9v/H4PK0/w==
  dependencies:
    "@antfu/install-pkg" "^2.0.1"
    "@iconify/types" "^2.0.0"
    import-meta-resolve "^4.2.0"

"@mermaid-js/parser@^1.2.1":
  version "1.2.1"
  resolved "https://registry.yarnpkg.com/@mermaid-js/parser/-/parser-1.2.1.tgz#94cc40416137bb10d2bc1b0a49c623d716e76233"
  integrity sha512-n12NohV3mrUyUL2o93IgG/ifeW9FTyeJn3zDxkhwa8MJ9Fxg3HQMlA3RiGmD/3UnJvheztkjjQAjA2T4LmUcpw==
  dependencies:
    "@chevrotain/types" "~11.1.2"

"@types/d3-array@*":
  version "3.2.2"
  resolved "https://registry.yarnpkg.com/@types/d3-array/-/d3-array-3.2.2.tgz#e02151464d02d4a1b44646d0fcdb93faf88fde8c"
  integrity sha512-hOLWVbm7uRza0BYXpIIW5pxfrKe0W+D5lrFiAEYR+pb6w3N2SwSMaJbXdUfSEv+dT4MfHBLtn5js0LAWaO6otw==

"@types/d3-axis@*":
  version "3.0.6"
  resolved "https://registry.yarnpkg.com/@types/d3-axis/-/d3-axis-3.0.6.tgz#e760e5765b8188b1defa32bc8bb6062f81e4c795"
  integrity sha512-pYeijfZuBd87T0hGn0FO1vQ/cgLk6E1ALJjfkC0oJ8cbwkZl3TpgS8bVBLZN+2jjGgg38epgxb2zmoGtSfvgMw==
  dependencies:
    "@types/d3-selection" "*"

"@types/d3-brush@*":
  version "3.0.6"
  resolved "https://registry.yarnpkg.com/@types/d3-brush/-/d3-brush-3.0.6.tgz#c2f4362b045d472e1b186cdbec329ba52bdaee6c"
  integrity sha512-nH60IZNNxEcrh6L1ZSMNA28rj27ut/2ZmI3r96Zd+1jrZD++zD3LsMIjWlvg4AYrHn/Pqz4CF3veCxGjtbqt7A==
  dependencies:
    "@types/d3-selection" "*"

"@types/d3-chord@*":
  version "3.0.6"
  resolved "https://registry.yarnpkg.com/@types/d3-chord/-/d3-chord-3.0.6.tgz#1706ca40cf7ea59a0add8f4456efff8f8775793d"
  integrity sha512-LFYWWd8nwfwEmTZG9PfQxd17HbNPksHBiJHaKuY1XeqscXacsS2tyoo6OdRsjf+NQYeB6XrNL3a25E3gH69lcg==

"@types/d3-color@*":
  version "3.1.3"
  resolved "https://registry.yarnpkg.com/@types/d3-color/-/d3-color-3.1.3.tgz#368c961a18de721da8200e80bf3943fb53136af2"
  integrity sha512-iO90scth9WAbmgv7ogoq57O9YpKmFBbmoEoCHDB2xMBY0+/KVrqAaCDyCE16dUspeOvIxFFRI+0sEtqDqy2b4A==

"@types/d3-contour@*":
  version "3.0.6"
  resolved "https://registry.yarnpkg.com/@types/d3-contour/-/d3-contour-3.0.6.tgz#9ada3fa9c4d00e3a5093fed0356c7ab929604231"
  integrity sha512-BjzLgXGnCWjUSYGfH1cpdo41/hgdWETu4YxpezoztawmqsvCeep+8QGfiY6YbDvfgHz/DkjeIkkZVJavB4a3rg==
  dependencies:
    "@types/d3-array" "*"
    "@types/geojson" "*"

"@types/d3-delaunay@*":
  version "6.0.4"
  resolved "https://registry.yarnpkg.com/@types/d3-delaunay/-/d3-delaunay-6.0.4.tgz#185c1a80cc807fdda2a3fe960f7c11c4a27952e1"
  integrity sha512-ZMaSKu4THYCU6sV64Lhg6qjf1orxBthaC161plr5KuPHo3CNm8DTHiLw/5Eq2b6TsNP0W0iJrUOFscY6Q450Hw==

"@types/d3-dispatch@*":
  version "3.0.7"
  resolved "https://registry.yarnpkg.com/@types/d3-dispatch/-/d3-dispatch-3.0.7.tgz#ef004d8a128046cfce434d17182f834e44ef95b2"
  integrity sha512-5o9OIAdKkhN1QItV2oqaE5KMIiXAvDWBDPrD85e58Qlz1c1kI/J0NcqbEG88CoTwJrYe7ntUCVfeUl2UJKbWgA==

"@types/d3-drag@*":
  version "3.0.7"
  resolved "https://registry.yarnpkg.com/@types/d3-drag/-/d3-drag-3.0.7.tgz#b13aba8b2442b4068c9a9e6d1d82f8bcea77fc02"
  integrity sha512-HE3jVKlzU9AaMazNufooRJ5ZpWmLIoc90A37WU2JMmeq28w1FQqCZswHZ3xR+SuxYftzHq6WU6KJHvqxKzTxxQ==
  dependencies:
    "@types/d3-selection" "*"

"@types/d3-dsv@*":
  version "3.0.7"
  resolved "https://registry.yarnpkg.com/@types/d3-dsv/-/d3-dsv-3.0.7.tgz#0a351f996dc99b37f4fa58b492c2d1c04e3dac17"
  integrity sha512-n6QBF9/+XASqcKK6waudgL0pf/S5XHPPI8APyMLLUHd8NqouBGLsU8MgtO7NINGtPBtk9Kko/W4ea0oAspwh9g==

"@types/d3-ease@*":
  version "3.0.2"
  resolved "https://registry.yarnpkg.com/@types/d3-ease/-/d3-ease-3.0.2.tgz#e28db1bfbfa617076f7770dd1d9a48eaa3b6c51b"
  integrity sha512-NcV1JjO5oDzoK26oMzbILE6HW7uVXOHLQvHshBUW4UMdZGfiY6v5BeQwh9a9tCzv+CeefZQHJt5SRgK154RtiA==

"@types/d3-fetch@*":
  version "3.0.7"
  resolved "https://registry.yarnpkg.com/@types/d3-fetch/-/d3-fetch-3.0.7.tgz#c04a2b4f23181aa376f30af0283dbc7b3b569980"
  integrity sha512-fTAfNmxSb9SOWNB9IoG5c8Hg6R+AzUHDRlsXsDZsNp6sxAEOP0tkP3gKkNSO/qmHPoBFTxNrjDprVHDQDvo5aA==
  dependencies:
    "@types/d3-dsv" "*"

"@types/d3-force@*":
  version "3.0.10"
  resolved "https://registry.yarnpkg.com/@types/d3-force/-/d3-force-3.0.10.tgz#6dc8fc6e1f35704f3b057090beeeb7ac674bff1a"
  integrity sha512-ZYeSaCF3p73RdOKcjj+swRlZfnYpK1EbaDiYICEEp5Q6sUiqFaFQ9qgoshp5CzIyyb/yD09kD9o2zEltCexlgw==

"@types/d3-format@*":
  version "3.0.4"
  resolved "https://registry.yarnpkg.com/@types/d3-format/-/d3-format-3.0.4.tgz#b1e4465644ddb3fdf3a263febb240a6cd616de90"
  integrity sha512-fALi2aI6shfg7vM5KiR1wNJnZ7r6UuggVqtDA+xiEdPZQwy/trcQaHnwShLuLdta2rTymCNpxYTiMZX/e09F4g==

"@types/d3-geo@*":
  version "3.1.1"
  resolved "https://registry.yarnpkg.com/@types/d3-geo/-/d3-geo-3.1.1.tgz#9e283af179601c549581600b3fec25941911329d"
  integrity sha512-65Emv9fQiQQqphLlRkuQ5ypPsOmWPhtBGCMv61JDPEPMvsx+gzhGf74yw1a78xFKPj6zw4AgQICJoQv0vK9M2w==
  dependencies:
    "@types/geojson" "*"

"@types/d3-hierarchy@*":
  version "3.1.7"
  resolved "https://registry.yarnpkg.com/@types/d3-hierarchy/-/d3-hierarchy-3.1.7.tgz#6023fb3b2d463229f2d680f9ac4b47466f71f17b"
  integrity sha512-tJFtNoYBtRtkNysX1Xq4sxtjK8YgoWUNpIiUee0/jHGRwqvzYxkq0hGVbbOGSz+JgFxxRu4K8nb3YpG3CMARtg==

"@types/d3-interpolate@*":
  version "3.0.4"
  resolved "https://registry.yarnpkg.com/@types/d3-interpolate/-/d3-interpolate-3.0.4.tgz#412b90e84870285f2ff8a846c6eb60344f12a41c"
  integrity sha512-mgLPETlrpVV1YRJIglr4Ez47g7Yxjl1lj7YKsiMCb27VJH9W8NVM6Bb9d8kkpG/uAQS5AmbA48q2IAolKKo1MA==
  dependencies:
    "@types/d3-color" "*"

"@types/d3-path@*":
  version "3.1.1"
  resolved "https://registry.yarnpkg.com/@types/d3-path/-/d3-path-3.1.1.tgz#f632b380c3aca1dba8e34aa049bcd6a4af23df8a"
  integrity sha512-VMZBYyQvbGmWyWVea0EHs/BwLgxc+MKi1zLDCONksozI4YJMcTt8ZEuIR4Sb1MMTE8MMW49v0IwI5+b7RmfWlg==

"@types/d3-polygon@*":
  version "3.0.2"
  resolved "https://registry.yarnpkg.com/@types/d3-polygon/-/d3-polygon-3.0.2.tgz#dfae54a6d35d19e76ac9565bcb32a8e54693189c"
  integrity sha512-ZuWOtMaHCkN9xoeEMr1ubW2nGWsp4nIql+OPQRstu4ypeZ+zk3YKqQT0CXVe/PYqrKpZAi+J9mTs05TKwjXSRA==

"@types/d3-quadtree@*":
  version "3.0.6"
  resolved "https://registry.yarnpkg.com/@types/d3-quadtree/-/d3-quadtree-3.0.6.tgz#d4740b0fe35b1c58b66e1488f4e7ed02952f570f"
  integrity sha512-oUzyO1/Zm6rsxKRHA1vH0NEDG58HrT5icx/azi9MF1TWdtttWl0UIUsjEQBBh+SIkrpd21ZjEv7ptxWys1ncsg==

"@types/d3-random@*":
  version "3.0.4"
  resolved "https://registry.yarnpkg.com/@types/d3-random/-/d3-random-3.0.4.tgz#6bd3683b8332fc0f01e7059b7636bc5c7ede7337"
  integrity sha512-UHYId5WTCx4L4YNel7NU00XUXXgvgpgZOvp10PuvsQENjMDXhh2RyFc0KBjO7B45ne4Ha1yVH7ii0vnzKkuzWA==

"@types/d3-scale-chromatic@*":
  version "3.1.0"
  resolved "https://registry.yarnpkg.com/@types/d3-scale-chromatic/-/d3-scale-chromatic-3.1.0.tgz#dc6d4f9a98376f18ea50bad6c39537f1b5463c39"
  integrity sha512-iWMJgwkK7yTRmWqRB5plb1kadXyQ5Sj8V/zYlFGMUBbIPKQScw+Dku9cAAMgJG+z5GYDoMjWGLVOvjghDEFnKQ==

"@types/d3-scale@*":
  version "4.0.9"
  resolved "https://registry.yarnpkg.com/@types/d3-scale/-/d3-scale-4.0.9.tgz#57a2f707242e6fe1de81ad7bfcccaaf606179afb"
  integrity sha512-dLmtwB8zkAeO/juAMfnV+sItKjlsw2lKdZVVy6LRr0cBmegxSABiLEpGVmSJJ8O08i4+sGR6qQtb6WtuwJdvVw==
  dependencies:
    "@types/d3-time" "*"

"@types/d3-selection@*":
  version "3.0.12"
  resolved "https://registry.yarnpkg.com/@types/d3-selection/-/d3-selection-3.0.12.tgz#bb207aec0b20bbe62466781c07e74212e9f5c0b1"
  integrity sha512-Qe/KWYhEiIIxGs7HrAAjMfShxKldx19SJtr5zu53f3afPsdZNz7HHtdTLXo/kqeiWNXVycI24kSnfzBYkTzpgw==

"@types/d3-shape@*":
  version "3.2.0"
  resolved "https://registry.yarnpkg.com/@types/d3-shape/-/d3-shape-3.2.0.tgz#66ff342011dc243c6c20e6b899523d148aca412d"
  integrity sha512-kVd74ta9eof3eJOvbNd1vGKS/XERRyQbT26Og63hIsvDO84cjD5gEOhsXf26w3FSoNlPVz84DOFcKv/oou+fMw==
  dependencies:
    "@types/d3-path" "*"

"@types/d3-time-format@*":
  version "4.0.3"
  resolved "https://registry.yarnpkg.com/@types/d3-time-format/-/d3-time-format-4.0.3.tgz#d6bc1e6b6a7db69cccfbbdd4c34b70632d9e9db2"
  integrity sha512-5xg9rC+wWL8kdDj153qZcsJ0FWiFt0J5RB6LYUNZjwSnesfblqrI/bJ1wBdJ8OQfncgbJG5+2F+qfqnqyzYxyg==

"@types/d3-time@*":
  version "3.0.4"
  resolved "https://registry.yarnpkg.com/@types/d3-time/-/d3-time-3.0.4.tgz#8472feecd639691450dd8000eb33edd444e1323f"
  integrity sha512-yuzZug1nkAAaBlBBikKZTgzCeA+k1uy4ZFwWANOfKw5z5LRhV0gNA7gNkKm7HoK+HRN0wX3EkxGk0fpbWhmB7g==

"@types/d3-timer@*":
  version "3.0.2"
  resolved "https://registry.yarnpkg.com/@types/d3-timer/-/d3-timer-3.0.2.tgz#70bbda77dc23aa727413e22e214afa3f0e852f70"
  integrity sha512-Ps3T8E8dZDam6fUyNiMkekK3XUsaUEik+idO9/YjPtfj2qruF8tFBXS7XhtE4iIXBLxhmLjP3SXpLhVf21I9Lw==

"@types/d3-transition@*":
  version "3.0.9"
  resolved "https://registry.yarnpkg.com/@types/d3-transition/-/d3-transition-3.0.9.tgz#1136bc57e9ddb3c390dccc9b5ff3b7d2b8d94706"
  integrity sha512-uZS5shfxzO3rGlu0cC3bjmMFKsXv+SmZZcgp0KD22ts4uGXp5EVYGzu/0YdwZeKmddhcAccYtREJKkPfXkZuCg==
  dependencies:
    "@types/d3-selection" "*"

"@types/d3-zoom@*":
  version "3.0.8"
  resolved "https://registry.yarnpkg.com/@types/d3-zoom/-/d3-zoom-3.0.8.tgz#dccb32d1c56b1e1c6e0f1180d994896f038bc40b"
  integrity sha512-iqMC4/YlFCSlO8+2Ii1GGGliCAY4XdeG748w5vQUbevlbDu0zSjH/+jojorQVBK/se0j6DUFNPBGSqD3YWYnDw==
  dependencies:
    "@types/d3-interpolate" "*"
    "@types/d3-selection" "*"

"@types/d3@^7.4.3":
  version "7.4.3"
  resolved "https://registry.yarnpkg.com/@types/d3/-/d3-7.4.3.tgz#d4550a85d08f4978faf0a4c36b848c61eaac07e2"
  integrity sha512-lZXZ9ckh5R8uiFVt8ogUNf+pIrK4EsWrx2Np75WvF/eTpJ0FMHNhjXk8CKEx/+gpHbNQyJWehbFaTvqmHWB3ww==
  dependencies:
    "@types/d3-array" "*"
    "@types/d3-axis" "*"
    "@types/d3-brush" "*"
    "@types/d3-chord" "*"
    "@types/d3-color" "*"
    "@types/d3-contour" "*"
    "@types/d3-delaunay" "*"
    "@types/d3-dispatch" "*"
    "@types/d3-drag" "*"
    "@types/d3-dsv" "*"
    "@types/d3-ease" "*"
    "@types/d3-fetch" "*"
    "@types/d3-force" "*"
    "@types/d3-format" "*"
    "@types/d3-geo" "*"
    "@types/d3-hierarchy" "*"
    "@types/d3-interpolate" "*"
    "@types/d3-path" "*"
    "@types/d3-polygon" "*"
    "@types/d3-quadtree" "*"
    "@types/d3-random" "*"
    "@types/d3-scale" "*"
    "@types/d3-scale-chromatic" "*"
    "@types/d3-selection" "*"
    "@types/d3-shape" "*"
    "@types/d3-time" "*"
    "@types/d3-time-format" "*"
    "@types/d3-timer" "*"
    "@types/d3-transition" "*"
    "@types/d3-zoom" "*"

"@types/geojson@*":
  version "7946.0.16"
  resolved "https://registry.yarnpkg.com/@types/geojson/-/geojson-7946.0.16.tgz#8ebe53d69efada7044454e3305c19017d97ced2a"
  integrity sha512-6C8nqWur3j98U6+lXDfTUWIfgvZU+EumvpHKcYjujKH7woYyLj2sUmff0tRhrqM7BohUw7Pz3ZB1jj2gW9Fvmg==

"@types/trusted-types@^2.0.7":
  version "2.0.7"
  resolved "https://registry.yarnpkg.com/@types/trusted-types/-/trusted-types-2.0.7.tgz#baccb07a970b91707df3a3e8ba6896c57ead2d11"
  integrity sha512-ScaPdn1dQczgbl0QFTeTOmVHFULt394XJgOQNoyVhZ6r2vLnMLJfBPd53SB52T/3G36VI1/g2MZaX0cwDuXsfw==

"@upsetjs/venn.js@^2.0.0":
  version "2.0.0"
  resolved "https://registry.yarnpkg.com/@upsetjs/venn.js/-/venn.js-2.0.0.tgz#3be192038cdda927aa4f8b22ab51af82abf47f34"
  integrity sha512-WbBhLrooyePuQ1VZxrJjtLvTc4NVfpOyKx0sKqioq9bX1C1m7Jgykkn8gLrtwumBioXIqam8DLxp88Adbue6Hw==
  optionalDependencies:
    d3-selection "^3.0.0"
    d3-transition "^3.0.1"

commander@7:
  version "7.2.0"
  resolved "https://registry.yarnpkg.com/commander/-/commander-7.2.0.tgz#a36cb57d0b501ce108e4d20559a150a391d97ab7"
  integrity sha512-QrWXB+ZQSVPmIWIhtEO9H+gwHaMGYiF5ChvoJ+K9ZGHG/sVsa6yiesAD1GC/x46sET00Xlwo1u49RVVVzvcSkw==

commander@^8.3.0:
  version "8.3.0"
  resolved "https://registry.yarnpkg.com/commander/-/commander-8.3.0.tgz#4837ea1b2da67b9c616a67afbb0fafee567bca66"
  integrity sha512-OkTL9umf+He2DZkUq8f8J9of7yL6RJKI24dVITBmNfZBmri9zYZQrKkuXiKhyfPSu8tUhnVBB1iKXevvnlR4Ww==

cose-base@^1.0.0:
  version "1.0.3"
  resolved "https://registry.yarnpkg.com/cose-base/-/cose-base-1.0.3.tgz#650334b41b869578a543358b80cda7e0abe0a60a"
  integrity sha512-s9whTXInMSgAp/NVXVNuVxVKzGH2qck3aQlVHxDCdAEPgtMKwc4Wq6/QKhgdEdgbLSi9rBTAcPoRa6JpiG4ksg==
  dependencies:
    layout-base "^1.0.0"

cose-base@^2.2.0:
  version "2.2.0"
  resolved "https://registry.yarnpkg.com/cose-base/-/cose-base-2.2.0.tgz#1c395c35b6e10bb83f9769ca8b817d614add5c01"
  integrity sha512-AzlgcsCbUMymkADOJtQm3wO9S3ltPfYOFD5033keQn9NJzIbtnZj+UdBJe7DYml/8TdbtHJW3j58SOnKhWY/5g==
  dependencies:
    layout-base "^2.0.0"

cytoscape-cose-bilkent@^4.1.0:
  version "4.1.0"
  resolved "https://registry.yarnpkg.com/cytoscape-cose-bilkent/-/cytoscape-cose-bilkent-4.1.0.tgz#762fa121df9930ffeb51a495d87917c570ac209b"
  integrity sha512-wgQlVIUJF13Quxiv5e1gstZ08rnZj2XaLHGoFMYXz7SkNfCDOOteKBE6SYRfA9WxxI/iBc3ajfDoc6hb/MRAHQ==
  dependencies:
    cose-base "^1.0.0"

cytoscape-fcose@^2.2.0:
  version "2.2.0"
  resolved "https://registry.yarnpkg.com/cytoscape-fcose/-/cytoscape-fcose-2.2.0.tgz#e4d6f6490df4fab58ae9cea9e5c3ab8d7472f471"
  integrity sha512-ki1/VuRIHFCzxWNrsshHYPs6L7TvLu3DL+TyIGEsRcvVERmxokbf5Gdk7mFxZnTdiGtnA4cfSmjZJMviqSuZrQ==
  dependencies:
    cose-base "^2.2.0"

cytoscape@^3.34.0:
  version "3.34.3"
  resolved "https://registry.yarnpkg.com/cytoscape/-/cytoscape-3.34.3.tgz#1503996ba0b59b901d86310a1f612e92dc464f51"
  integrity sha512-yfYGhRcGAntq6YBD583j4n0Eg3jIxvWmZtz/5uz9UYkeIStSlMxuUja+ec5j3iBD8nv1rwaOAYMW09tBdkSeaQ==

"d3-array@1 - 2":
  version "2.12.1"
  resolved "https://registry.yarnpkg.com/d3-array/-/d3-array-2.12.1.tgz#e20b41aafcdffdf5d50928004ececf815a465e81"
  integrity sha512-B0ErZK/66mHtEsR1TkPEEkwdy+WDesimkM5gpZr5Dsg54BiTA5RXtYW5qTLIAcekaS9xfZrzBLF/OAkB3Qn1YQ==
  dependencies:
    internmap "^1.0.0"

"d3-array@2 - 3", "d3-array@2.10.0 - 3", "d3-array@2.5.0 - 3", d3-array@3, d3-array@^3.2.0:
  version "3.2.4"
  resolved "https://registry.yarnpkg.com/d3-array/-/d3-array-3.2.4.tgz#15fec33b237f97ac5d7c986dc77da273a8ed0bb5"
  integrity sha512-tdQAmyA18i4J7wprpYq8ClcxZy3SC31QMeByyCFyRt7BVHdREQZ5lpzoe5mFEYZUWe+oq8HBvk9JjpibyEV4Jg==
  dependencies:
    internmap "1 - 2"

d3-axis@3:
  version "3.0.0"
  resolved "https://registry.yarnpkg.com/d3-axis/-/d3-axis-3.0.0.tgz#c42a4a13e8131d637b745fc2973824cfeaf93322"
  integrity sha512-IH5tgjV4jE/GhHkRV0HiVYPDtvfjHQlQfJHs0usq7M30XcSBvOotpmH1IgkcXsO/5gEQZD43B//fc7SRT5S+xw==

d3-brush@3:
  version "3.0.0"
  resolved "https://registry.yarnpkg.com/d3-brush/-/d3-brush-3.0.0.tgz#6f767c4ed8dcb79de7ede3e1c0f89e63ef64d31c"
  integrity sha512-ALnjWlVYkXsVIGlOsuWH1+3udkYFI48Ljihfnh8FZPF2QS9o+PzGLBslO0PjzVoHLZ2KCVgAM8NVkXPJB2aNnQ==
  dependencies:
    d3-dispatch "1 - 3"
    d3-drag "2 - 3"
    d3-interpolate "1 - 3"
    d3-selection "3"
    d3-transition "3"

d3-chord@3:
  version "3.0.1"
  resolved "https://registry.yarnpkg.com/d3-chord/-/d3-chord-3.0.1.tgz#d156d61f485fce8327e6abf339cb41d8cbba6966"
  integrity sha512-VE5S6TNa+j8msksl7HwjxMHDM2yNK3XCkusIlpX5kwauBfXuyLAtNg9jCp/iHH61tgI4sb6R/EIMWCqEIdjT/g==
  dependencies:
    d3-path "1 - 3"

"d3-color@1 - 3", d3-color@3:
  version "3.1.0"
  resolved "https://registry.yarnpkg.com/d3-color/-/d3-color-3.1.0.tgz#395b2833dfac71507f12ac2f7af23bf819de24e2"
  integrity sha512-zg/chbXyeBtMQ1LbD/WSoW2DpC3I0mpmPdW+ynRTj/x2DAWYrIY7qeZIHidozwV24m4iavr15lNwIwLxRmOxhA==

d3-contour@4:
  version "4.0.2"
  resolved "https://registry.yarnpkg.com/d3-contour/-/d3-contour-4.0.2.tgz#bb92063bc8c5663acb2422f99c73cbb6c6ae3bcc"
  integrity sha512-4EzFTRIikzs47RGmdxbeUvLWtGedDUNkTcmzoeyg4sP/dvCexO47AaQL7VKy/gul85TOxw+IBgA8US2xwbToNA==
  dependencies:
    d3-array "^3.2.0"

d3-delaunay@6:
  version "6.0.4"
  resolved "https://registry.yarnpkg.com/d3-delaunay/-/d3-delaunay-6.0.4.tgz#98169038733a0a5babbeda55054f795bb9e4a58b"
  integrity sha512-mdjtIZ1XLAM8bm/hx3WwjfHt6Sggek7qH043O8KEjDXN40xi3vx/6pYSVTwLjEgiXQTbvaouWKynLBiUZ6SK6A==
  dependencies:
    delaunator "5"

"d3-dispatch@1 - 3", d3-dispatch@3:
  version "3.0.1"
  resolved "https://registry.yarnpkg.com/d3-dispatch/-/d3-dispatch-3.0.1.tgz#5fc75284e9c2375c36c839411a0cf550cbfc4d5e"
  integrity sha512-rzUyPU/S7rwUflMyLc1ETDeBj0NRuHKKAcvukozwhshr6g6c5d8zh4c2gQjY2bZ0dXeGLWc1PF174P2tVvKhfg==

"d3-drag@2 - 3", d3-drag@3:
  version "3.0.0"
  resolved "https://registry.yarnpkg.com/d3-drag/-/d3-drag-3.0.0.tgz#994aae9cd23c719f53b5e10e3a0a6108c69607ba"
  integrity sha512-pWbUJLdETVA8lQNJecMxoXfH6x+mO2UQo8rSmZ+QqxcbyA3hfeprFgIT//HW2nlHChWeIIMwS2Fq+gEARkhTkg==
  dependencies:
    d3-dispatch "1 - 3"
    d3-selection "3"

"d3-dsv@1 - 3", d3-dsv@3:
  version "3.0.1"
  resolved "https://registry.yarnpkg.com/d3-dsv/-/d3-dsv-3.0.1.tgz#c63af978f4d6a0d084a52a673922be2160789b73"
  integrity sha512-UG6OvdI5afDIFP9w4G0mNq50dSOsXHJaRE8arAS5o9ApWnIElp8GZw1Dun8vP8OyHOZ/QJUKUJwxiiCCnUwm+Q==
  dependencies:
    commander "7"
    iconv-lite "0.6"
    rw "1"

"d3-ease@1 - 3", d3-ease@3:
  version "3.0.1"
  resolved "https://registry.yarnpkg.com/d3-ease/-/d3-ease-3.0.1.tgz#9658ac38a2140d59d346160f1f6c30fda0bd12f4"
  integrity sha512-wR/XK3D3XcLIZwpbvQwQ5fK+8Ykds1ip7A2Txe0yxncXSdq1L9skcG7blcedkOX+ZcgxGAmLX1FrRGbADwzi0w==

d3-fetch@3:
  version "3.0.1"
  resolved "https://registry.yarnpkg.com/d3-fetch/-/d3-fetch-3.0.1.tgz#83141bff9856a0edb5e38de89cdcfe63d0a60a22"
  integrity sha512-kpkQIM20n3oLVBKGg6oHrUchHM3xODkTzjMoj7aWQFq5QEM+R6E4WkzT5+tojDY7yjez8KgCBRoj4aEr99Fdqw==
  dependencies:
    d3-dsv "1 - 3"

d3-force@3:
  version "3.0.0"
  resolved "https://registry.yarnpkg.com/d3-force/-/d3-force-3.0.0.tgz#3e2ba1a61e70888fe3d9194e30d6d14eece155c4"
  integrity sha512-zxV/SsA+U4yte8051P4ECydjD/S+qeYtnaIyAs9tgHCqfguma/aAQDjo85A9Z6EKhBirHRJHXIgJUlffT4wdLg==
  dependencies:
    d3-dispatch "1 - 3"
    d3-quadtree "1 - 3"
    d3-timer "1 - 3"

"d3-format@1 - 3", d3-format@3:
  version "3.1.2"
  resolved "https://registry.yarnpkg.com/d3-format/-/d3-format-3.1.2.tgz#01fdb46b58beb1f55b10b42ad70b6e344d5eb2ae"
  integrity sha512-AJDdYOdnyRDV5b6ArilzCPPwc1ejkHcoyFarqlPqT7zRYjhavcT3uSrqcMvsgh2CgoPbK3RCwyHaVyxYcP2Arg==

d3-geo@3:
  version "3.1.1"
  resolved "https://registry.yarnpkg.com/d3-geo/-/d3-geo-3.1.1.tgz#6027cf51246f9b2ebd64f99e01dc7c3364033a4d"
  integrity sha512-637ln3gXKXOwhalDzinUgY83KzNWZRKbYubaG+fGVuc/dxO64RRljtCTnf5ecMyE1RIdtqpkVcq0IbtU2S8j2Q==
  dependencies:
    d3-array "2.5.0 - 3"

d3-hierarchy@3:
  version "3.1.2"
  resolved "https://registry.yarnpkg.com/d3-hierarchy/-/d3-hierarchy-3.1.2.tgz#b01cd42c1eed3d46db77a5966cf726f8c09160c6"
  integrity sha512-FX/9frcub54beBdugHjDCdikxThEqjnR93Qt7PvQTOHxyiNCAlvMrHhclk3cD5VeAaq9fxmfRp+CnWw9rEMBuA==

"d3-interpolate@1 - 3", "d3-interpolate@1.2.0 - 3", d3-interpolate@3:
  version "3.0.1"
  resolved "https://registry.yarnpkg.com/d3-interpolate/-/d3-interpolate-3.0.1.tgz#3c47aa5b32c5b3dfb56ef3fd4342078a632b400d"
  integrity sha512-3bYs1rOD33uo8aqJfKP3JWPAibgw8Zm2+L9vBKEHJ2Rg+viTR7o5Mmv5mZcieN+FRYaAOWX5SJATX6k1PWz72g==
  dependencies:
    d3-color "1 - 3"

d3-path@1:
  version "1.0.9"
  resolved "https://registry.yarnpkg.com/d3-path/-/d3-path-1.0.9.tgz#48c050bb1fe8c262493a8caf5524e3e9591701cf"
  integrity sha512-VLaYcn81dtHVTjEHd8B+pbe9yHWpXKZUC87PzoFmsFrJqgFwDe/qxfp5MlfsfM1V5E/iVt0MmEbWQ7FVIXh/bg==

"d3-path@1 - 3", d3-path@3, d3-path@^3.1.0:
  version "3.1.0"
  resolved "https://registry.yarnpkg.com/d3-path/-/d3-path-3.1.0.tgz#22df939032fb5a71ae8b1800d61ddb7851c42526"
  integrity sha512-p3KP5HCf/bvjBSSKuXid6Zqijx7wIfNW+J/maPs+iwR35at5JCbLUT0LzF1cnjbCHWhqzQTIN2Jpe8pRebIEFQ==

d3-polygon@3:
  version "3.0.1"
  resolved "https://registry.yarnpkg.com/d3-polygon/-/d3-polygon-3.0.1.tgz#0b45d3dd1c48a29c8e057e6135693ec80bf16398"
  integrity sha512-3vbA7vXYwfe1SYhED++fPUQlWSYTTGmFmQiany/gdbiWgU/iEyQzyymwL9SkJjFFuCS4902BSzewVGsHHmHtXg==

"d3-quadtree@1 - 3", d3-quadtree@3:
  version "3.0.1"
  resolved "https://registry.yarnpkg.com/d3-quadtree/-/d3-quadtree-3.0.1.tgz#6dca3e8be2b393c9a9d514dabbd80a92deef1a4f"
  integrity sha512-04xDrxQTDTCFwP5H6hRhsRcb9xxv2RzkcsygFzmkSIOJy3PeRJP7sNk3VRIbKXcog561P9oU0/rVH6vDROAgUw==

d3-random@3:
  version "3.0.1"
  resolved "https://registry.yarnpkg.com/d3-random/-/d3-random-3.0.1.tgz#d4926378d333d9c0bfd1e6fa0194d30aebaa20f4"
  integrity sha512-FXMe9GfxTxqd5D6jFsQ+DJ8BJS4E/fT5mqqdjovykEB2oFbTMDVdg1MGFxfQW+FBOGoB++k8swBrgwSHT1cUXQ==

d3-sankey@^0.12.3:
  version "0.12.3"
  resolved "https://registry.yarnpkg.com/d3-sankey/-/d3-sankey-0.12.3.tgz#b3c268627bd72e5d80336e8de6acbfec9d15d01d"
  integrity sha512-nQhsBRmM19Ax5xEIPLMY9ZmJ/cDvd1BG3UVvt5h3WRxKg5zGRbvnteTyWAbzeSvlh3tW7ZEmq4VwR5mB3tutmQ==
  dependencies:
    d3-array "1 - 2"
    d3-shape "^1.2.0"

d3-scale-chromatic@3:
  version "3.1.0"
  resolved "https://registry.yarnpkg.com/d3-scale-chromatic/-/d3-scale-chromatic-3.1.0.tgz#34c39da298b23c20e02f1a4b239bd0f22e7f1314"
  integrity sha512-A3s5PWiZ9YCXFye1o246KoscMWqf8BsD9eRiJ3He7C9OBaxKhAd5TFCdEx/7VbKtxxTsu//1mMJFrEt572cEyQ==
  dependencies:
    d3-color "1 - 3"
    d3-interpolate "1 - 3"

d3-scale@4:
  version "4.0.2"
  resolved "https://registry.yarnpkg.com/d3-scale/-/d3-scale-4.0.2.tgz#82b38e8e8ff7080764f8dcec77bd4be393689396"
  integrity sha512-GZW464g1SH7ag3Y7hXjf8RoUuAFIqklOAq3MRl4OaWabTFJY9PN/E1YklhXLh+OQ3fM9yS2nOkCoS+WLZ6kvxQ==
  dependencies:
    d3-array "2.10.0 - 3"
    d3-format "1 - 3"
    d3-interpolate "1.2.0 - 3"
    d3-time "2.1.1 - 3"
    d3-time-format "2 - 4"

"d3-selection@2 - 3", d3-selection@3, d3-selection@^3.0.0:
  version "3.0.0"
  resolved "https://registry.yarnpkg.com/d3-selection/-/d3-selection-3.0.0.tgz#c25338207efa72cc5b9bd1458a1a41901f1e1b31"
  integrity sha512-fmTRWbNMmsmWq6xJV8D19U/gw/bwrHfNXxrIN+HfZgnzqTHp9jOmKMhsTUjXOJnZOdZY9Q28y4yebKzqDKlxlQ==

d3-shape@3:
  version "3.2.0"
  resolved "https://registry.yarnpkg.com/d3-shape/-/d3-shape-3.2.0.tgz#a1a839cbd9ba45f28674c69d7f855bcf91dfc6a5"
  integrity sha512-SaLBuwGm3MOViRq2ABk3eLoxwZELpH6zhl3FbAoJ7Vm1gofKx6El1Ib5z23NUEhF9AsGl7y+dzLe5Cw2AArGTA==
  dependencies:
    d3-path "^3.1.0"

d3-shape@^1.2.0:
  version "1.3.7"
  resolved "https://registry.yarnpkg.com/d3-shape/-/d3-shape-1.3.7.tgz#df63801be07bc986bc54f63789b4fe502992b5d7"
  integrity sha512-EUkvKjqPFUAZyOlhY5gzCxCeI0Aep04LwIRpsZ/mLFelJiUfnK56jo5JMDSE7yyP2kLSb6LtF+S5chMk7uqPqw==
  dependencies:
    d3-path "1"

"d3-time-format@2 - 4", d3-time-format@4:
  version "4.1.0"
  resolved "https://registry.yarnpkg.com/d3-time-format/-/d3-time-format-4.1.0.tgz#7ab5257a5041d11ecb4fe70a5c7d16a195bb408a"
  integrity sha512-dJxPBlzC7NugB2PDLwo9Q8JiTR3M3e4/XANkreKSUxF8vvXKqm1Yfq4Q5dl8budlunRVlUUaDUgFt7eA8D6NLg==
  dependencies:
    d3-time "1 - 3"

"d3-time@1 - 3", "d3-time@2.1.1 - 3", d3-time@3:
  version "3.1.0"
  resolved "https://registry.yarnpkg.com/d3-time/-/d3-time-3.1.0.tgz#9310db56e992e3c0175e1ef385e545e48a9bb5c7"
  integrity sha512-VqKjzBLejbSMT4IgbmVgDjpkYrNWUYJnbCGo874u7MMKIWsILRX+OpX/gTk8MqjpT1A/c6HY2dCA77ZN0lkQ2Q==
  dependencies:
    d3-array "2 - 3"

"d3-timer@1 - 3", d3-timer@3:
  version "3.0.1"
  resolved "https://registry.yarnpkg.com/d3-timer/-/d3-timer-3.0.1.tgz#6284d2a2708285b1abb7e201eda4380af35e63b0"
  integrity sha512-ndfJ/JxxMd3nw31uyKoY2naivF+r29V+Lc0svZxe1JvvIRmi8hUsrMvdOwgS1o6uBHmiz91geQ0ylPP0aj1VUA==

"d3-transition@2 - 3", d3-transition@3, d3-transition@^3.0.1:
  version "3.0.1"
  resolved "https://registry.yarnpkg.com/d3-transition/-/d3-transition-3.0.1.tgz#6869fdde1448868077fdd5989200cb61b2a1645f"
  integrity sha512-ApKvfjsSR6tg06xrL434C0WydLr7JewBB3V+/39RMHsaXTOG0zmt/OAXeng5M5LBm0ojmxJrpomQVZ1aPvBL4w==
  dependencies:
    d3-color "1 - 3"
    d3-dispatch "1 - 3"
    d3-ease "1 - 3"
    d3-interpolate "1 - 3"
    d3-timer "1 - 3"

d3-zoom@3:
  version "3.0.0"
  resolved "https://registry.yarnpkg.com/d3-zoom/-/d3-zoom-3.0.0.tgz#d13f4165c73217ffeaa54295cd6969b3e7aee8f3"
  integrity sha512-b8AmV3kfQaqWAuacbPuNbL6vahnOJflOhexLzMMNLga62+/nh0JzvJ0aO/5a5MVgUFGS7Hu1P9P03o3fJkDCyw==
  dependencies:
    d3-dispatch "1 - 3"
    d3-drag "2 - 3"
    d3-interpolate "1 - 3"
    d3-selection "2 - 3"
    d3-transition "2 - 3"

d3@^7.9.0:
  version "7.9.0"
  resolved "https://registry.yarnpkg.com/d3/-/d3-7.9.0.tgz#579e7acb3d749caf8860bd1741ae8d371070cd5d"
  integrity sha512-e1U46jVP+w7Iut8Jt8ri1YsPOvFpg46k+K8TpCb0P+zjCkjkPnV7WzfDJzMHy1LnA+wj5pLT1wjO901gLXeEhA==
  dependencies:
    d3-array "3"
    d3-axis "3"
    d3-brush "3"
    d3-chord "3"
    d3-color "3"
    d3-contour "4"
    d3-delaunay "6"
    d3-dispatch "3"
    d3-drag "3"
    d3-dsv "3"
    d3-ease "3"
    d3-fetch "3"
    d3-force "3"
    d3-format "3"
    d3-geo "3"
    d3-hierarchy "3"
    d3-interpolate "3"
    d3-path "3"
    d3-polygon "3"
    d3-quadtree "3"
    d3-random "3"
    d3-scale "4"
    d3-scale-chromatic "3"
    d3-selection "3"
    d3-shape "3"
    d3-time "3"
    d3-time-format "4"
    d3-timer "3"
    d3-transition "3"
    d3-zoom "3"

dagre-d3-es@7.0.14:
  version "7.0.14"
  resolved "https://registry.yarnpkg.com/dagre-d3-es/-/dagre-d3-es-7.0.14.tgz#1272276e26457cf3b97dac569f8f0531ec33c377"
  integrity sha512-P4rFMVq9ESWqmOgK+dlXvOtLwYg0i7u0HBGJER0LZDJT2VHIPAMZ/riPxqJceWMStH5+E61QxFra9kIS3AqdMg==
  dependencies:
    d3 "^7.9.0"
    lodash-es "^4.17.21"

dayjs@^1.11.21:
  version "1.11.23"
  resolved "https://registry.yarnpkg.com/dayjs/-/dayjs-1.11.23.tgz#b0a363506dde5f36cf5075e42ebe8115165a8c79"
  integrity sha512-QDTCU0M0MxR3hQfnlDJfwekQiaanm1ubOD231u73WBckQ/fsamwRLiE2GBz6D3a/xF1NgfiDLJjXBa1hYOYTtQ==

delaunator@5:
  version "5.1.0"
  resolved "https://registry.yarnpkg.com/delaunator/-/delaunator-5.1.0.tgz#d13271fbf3aff6753f9ea6e235557f20901046ea"
  integrity sha512-AGrQ4QSgssa1NGmWmLPqN5NY2KajF5MqxetNEO+o0n3ZwZZeTmt7bBnvzHWrmkZFxGgr4HdyFgelzgi06otLuQ==
  dependencies:
    robust-predicates "^3.0.2"

dompurify@^3.3.3:
  version "3.4.15"
  resolved "https://registry.yarnpkg.com/dompurify/-/dompurify-3.4.15.tgz#30351b34513894f428c13bddb28bff0a027ae804"
  integrity sha512-EUBjM+B+lkDE41iE82DDSCfkoPGfXx8IxFxPMjNzm/Uk4xDet77rTN9wqlxlVg71kK7XGuUMv6wUxJUwwv+Xyw==
  optionalDependencies:
    "@types/trusted-types" "^2.0.7"

es-toolkit@^1.45.1:
  version "1.52.0"
  resolved "https://registry.yarnpkg.com/es-toolkit/-/es-toolkit-1.52.0.tgz#71eaf1a8b18834ef77637eccbb885ba4c03cd6dd"
  integrity sha512-XTNEJQh1tY1ZJVcf6ayP/2n4ZPyaHlW2FWs7xvw5ddPuhUVjLD3olQVQS7kf58JbAB48iL0uL/jerTrjtV3lDA==

fastdom@1.0.12:
  version "1.0.12"
  resolved "https://registry.yarnpkg.com/fastdom/-/fastdom-1.0.12.tgz#ae43d55af017252ae499b2e186511ab97412de39"
  integrity sha512-LB+xjSTEbjHE1cWsxu+tN2Xqr1kpi+V9aADI7sVM5ZMaXyYGPHULQMzpJMYqOTULK/73pUkWVzzObFRBkPr+hg==
  dependencies:
    strictdom "^1.0.1"

hachure-fill@^0.5.2:
  version "0.5.2"
  resolved "https://registry.yarnpkg.com/hachure-fill/-/hachure-fill-0.5.2.tgz#d19bc4cc8750a5962b47fb1300557a85fcf934cc"
  integrity sha512-3GKBOn+m2LX9iq+JC1064cSFprJY4jL1jCXTcpnfER5HYE2l/4EfWSGzkPa/ZDBmYI0ZOEj5VHV/eKnPGkHuOg==

iconv-lite@0.6:
  version "0.6.3"
  resolved "https://registry.yarnpkg.com/iconv-lite/-/iconv-lite-0.6.3.tgz#a52f80bf38da1952eb5c681790719871a1a72501"
  integrity sha512-4fCk79wshMdzMp2rH06qWrJE4iolqLhCUH+OiuIgU++RB0+94NlDL81atO7GX55uUKueo0txHNtvEyI6D7WdMw==
  dependencies:
    safer-buffer ">= 2.1.2 < 3.0.0"

import-meta-resolve@^4.2.0:
  version "4.2.0"
  resolved "https://registry.yarnpkg.com/import-meta-resolve/-/import-meta-resolve-4.2.0.tgz#08cb85b5bd37ecc8eb1e0f670dc2767002d43734"
  integrity sha512-Iqv2fzaTQN28s/FwZAoFq0ZSs/7hMAHJVX+w8PZl3cY19Pxk6jFFalxQoIfW2826i/fDLXv8IiEZRIT0lDuWcg==

"internmap@1 - 2":
  version "2.0.3"
  resolved "https://registry.yarnpkg.com/internmap/-/internmap-2.0.3.tgz#6685f23755e43c524e251d29cbc97248e3061009"
  integrity sha512-5Hh7Y1wQbvY5ooGgPbDaL5iYLAPzMTUrjMulskHLH6wnv/A+1q5rgEaiuqEjB+oxGXIVZs1FF+R/KPN3ZSQYYg==

internmap@^1.0.0:
  version "1.0.1"
  resolved "https://registry.yarnpkg.com/internmap/-/internmap-1.0.1.tgz#0017cc8a3b99605f0302f2b198d272e015e5df95"
  integrity sha512-lDB5YccMydFBtasVtxnZ3MRBHuaoE8GKsppq+EchKL2U4nK/DmEpPHNH8MZe5HkMtpSiTSOZwfN0tzYjO/lJEw==

katex@^0.16.47:
  version "0.16.47"
  resolved "https://registry.yarnpkg.com/katex/-/katex-0.16.47.tgz#0a13a42c2deb4f74e61f162d440b9165a548030f"
  integrity sha512-Eeo8Ys1doU1z+x8AZsPpQu+p/QcZBI5PeOo7QGQdy2x2m0MU/hYagBbGOmXwr5KVbEfVuWv9LpnQWeehogurjg==
  dependencies:
    commander "^8.3.0"

khroma@^2.1.0:
  version "2.1.0"
  resolved "https://registry.yarnpkg.com/khroma/-/khroma-2.1.0.tgz#45f2ce94ce231a437cf5b63c2e886e6eb42bbbb1"
  integrity sha512-Ls993zuzfayK269Svk9hzpeGUKob/sIgZzyHYdjQoAdQetRKpOLj+k/QQQ/6Qi0Yz65mlROrfd+Ev+1+7dz9Kw==

layout-base@^1.0.0:
  version "1.0.2"
  resolved "https://registry.yarnpkg.com/layout-base/-/layout-base-1.0.2.tgz#1291e296883c322a9dd4c5dd82063721b53e26e2"
  integrity sha512-8h2oVEZNktL4BH2JCOI90iD1yXwL6iNW7KcCKT2QZgQJR2vbqDsldCTPRU9NifTCqHZci57XvQQ15YTu+sTYPg==

layout-base@^2.0.0:
  version "2.0.1"
  resolved "https://registry.yarnpkg.com/layout-base/-/layout-base-2.0.1.tgz#d0337913586c90f9c2c075292069f5c2da5dd285"
  integrity sha512-dp3s92+uNI1hWIpPGH3jK2kxE2lMjdXdr+DH8ynZHpd6PUlH6x6cbuXnoMmiNumznqaNO31xu9e79F0uuZ0JFg==

lodash-es@^4.17.21:
  version "4.18.1"
  resolved "https://registry.yarnpkg.com/lodash-es/-/lodash-es-4.18.1.tgz#b962eeb80d9d983a900bf342961fb7418ca10b1d"
  integrity sha512-J8xewKD/Gk22OZbhpOVSwcs60zhd95ESDwezOFuA3/099925PdHJ7OFHNTGtajL3AlZkykD32HykiMo+BIBI8A==

marked@^16.3.0:
  version "16.4.2"
  resolved "https://registry.yarnpkg.com/marked/-/marked-16.4.2.tgz#4959a64be6c486f0db7467ead7ce288de54290a3"
  integrity sha512-TI3V8YYWvkVf3KJe1dRkpnjs68JUPyEa5vjKrp1XEEJUAOaQc+Qj+L1qWbPd0SJuAdQkFU0h73sXXqwDYxsiDA==

mermaid@11.17.2:
  version "11.17.2"
  resolved "https://registry.yarnpkg.com/mermaid/-/mermaid-11.17.2.tgz#e3caf3717582c0e44e5d04cff043e025caec7cba"
  integrity sha512-V6K3C8EBdEsPFZXSKMJe6ppQOENxuHARr9GvHX4hh47lAbhMRD9qf4oEK7LoaRQxULMa80/qt5gHO73aCleBBg==
  dependencies:
    "@braintree/sanitize-url" "^7.1.2"
    "@iconify/utils" "^3.0.2"
    "@mermaid-js/parser" "^1.2.1"
    "@types/d3" "^7.4.3"
    "@upsetjs/venn.js" "^2.0.0"
    cytoscape "^3.34.0"
    cytoscape-cose-bilkent "^4.1.0"
    cytoscape-fcose "^2.2.0"
    d3 "^7.9.0"
    d3-sankey "^0.12.3"
    dagre-d3-es "7.0.14"
    dayjs "^1.11.21"
    dompurify "^3.3.3"
    es-toolkit "^1.45.1"
    fastdom "1.0.12"
    katex "^0.16.47"
    khroma "^2.1.0"
    marked "^16.3.0"
    roughjs "^4.6.6"
    stylis "^4.3.6"
    ts-dedent "^2.2.0"
    uuid "^11.1.0 || ^12 || ^13 || ^14.0.0"

package-manager-detector@^1.8.0:
  version "1.8.0"
  resolved "https://registry.yarnpkg.com/package-manager-detector/-/package-manager-detector-1.8.0.tgz#70c9a2c4bd1a513dcd6cad006a9fcebec22a1253"
  integrity sha512-yQA4H19AmPEoMUeavPMDIe1higySl/gH/yaQrkT/s07Qp+7pp2hYz30N3z2l5BkjVkF9Ow6o0wjJamm2y7Sn0A==

path-data-parser@0.1.0, path-data-parser@^0.1.0:
  version "0.1.0"
  resolved "https://registry.yarnpkg.com/path-data-parser/-/path-data-parser-0.1.0.tgz#8f5ba5cc70fc7becb3dcefaea08e2659aba60b8c"
  integrity sha512-NOnmBpt5Y2RWbuv0LMzsayp3lVylAHLPUTut412ZA3l+C4uw4ZVkQbjShYCQ8TCpUMdPapr4YjUqLYD6v68j+w==

points-on-curve@0.2.0, points-on-curve@^0.2.0:
  version "0.2.0"
  resolved "https://registry.yarnpkg.com/points-on-curve/-/points-on-curve-0.2.0.tgz#7dbb98c43791859434284761330fa893cb81b4d1"
  integrity sha512-0mYKnYYe9ZcqMCWhUjItv/oHjvgEsfKvnUTg8sAtnHr3GVy7rGkXCb6d5cSyqrWqL4k81b9CPg3urd+T7aop3A==

points-on-path@^0.2.1:
  version "0.2.1"
  resolved "https://registry.yarnpkg.com/points-on-path/-/points-on-path-0.2.1.tgz#553202b5424c53bed37135b318858eacff85dd52"
  integrity sha512-25ClnWWuw7JbWZcgqY/gJ4FQWadKxGWk+3kR/7kD0tCaDtPPMj7oHu2ToLaVhfpnHrZzYby2w6tUA0eOIuUg8g==
  dependencies:
    path-data-parser "0.1.0"
    points-on-curve "0.2.0"

robust-predicates@^3.0.2:
  version "3.0.3"
  resolved "https://registry.yarnpkg.com/robust-predicates/-/robust-predicates-3.0.3.tgz#1099061b3349e2c5abec6c2ab0acd440d24d4062"
  integrity sha512-NS3levdsRIUOmiJ8FZWCP7LG3QpJyrs/TE0Zpf1yvZu8cAJJ6QMW92H1c7kWpdIHo8RvmLxN/o2JXTKHp74lUA==

roughjs@^4.6.6:
  version "4.6.6"
  resolved "https://registry.yarnpkg.com/roughjs/-/roughjs-4.6.6.tgz#1059f49a5e0c80dee541a005b20cc322b222158b"
  integrity sha512-ZUz/69+SYpFN/g/lUlo2FXcIjRkSu3nDarreVdGGndHEBJ6cXPdKguS8JGxwj5HA5xIbVKSmLgr5b3AWxtRfvQ==
  dependencies:
    hachure-fill "^0.5.2"
    path-data-parser "^0.1.0"
    points-on-curve "^0.2.0"
    points-on-path "^0.2.1"

rw@1:
  version "1.3.3"
  resolved "https://registry.yarnpkg.com/rw/-/rw-1.3.3.tgz#3f862dfa91ab766b14885ef4d01124bfda074fb4"
  integrity sha512-PdhdWy89SiZogBLaw42zdeqtRJ//zFd2PgQavcICDUgJT5oW10QCRKbJ6bg4r0/UY2M6BWd5tkxuGFRvCkgfHQ==

"safer-buffer@>= 2.1.2 < 3.0.0":
  version "2.1.2"
  resolved "https://registry.yarnpkg.com/safer-buffer/-/safer-buffer-2.1.2.tgz#44fa161b0187b9549dd84bb91802f9bd8385cd6a"
  integrity sha512-YZo3K82SD7Riyi0E1EQPojLz7kpepnSQI9IyPbHHg1XXXevb5dJI7tpyN2ADxGcQbHG7vcyRHk0cbwqcQriUtg==

strictdom@^1.0.1:
  version "1.0.1"
  resolved "https://registry.yarnpkg.com/strictdom/-/strictdom-1.0.1.tgz#189de91649f73d44d59b8432efa68ef9d2659460"
  integrity sha512-cEmp9QeXXRmjj/rVp9oyiqcvyocWab/HaoN4+bwFeZ7QzykJD6L3yD4v12K1x0tHpqRqVpJevN3gW7kyM39Bqg==

stylis@^4.3.6:
  version "4.4.0"
  resolved "https://registry.yarnpkg.com/stylis/-/stylis-4.4.0.tgz#c5846c9345f4bfc51bd0cbd7ca35a0744f485a5d"
  integrity sha512-5Z9ZpRzfuH6l/UAvCPAPUo3665Nk2wLaZU3x+TLHKVzIz33+sbJqbtrYoC3KD4/uVOr2Zp+L0LySezP9OHV9yA==

tinyexec@^1.3.1:
  version "1.3.1"
  resolved "https://registry.yarnpkg.com/tinyexec/-/tinyexec-1.3.1.tgz#16a2e3c6e23fafce72640e678e651db36145b9c6"
  integrity sha512-GCvB3aoys96IuDFBMcTB46JOR6mdMtAToqwiW8JlWhsoh1mhHi/xn9ss/Dg7N555GiJyEt2qzoG/NHCwM6h1EA==

ts-dedent@^2.2.0:
  version "2.3.0"
  resolved "https://registry.yarnpkg.com/ts-dedent/-/ts-dedent-2.3.0.tgz#8fac36c7902b541c154ac13a27ac467997af11f8"
  integrity sha512-JfJeIHke7y2egdGGgRAvpCwYFUsHlM2gPcrVOxFkznt/4uzQ7HFmvE63iFHVLBJNDuyDOQgijDK/tXH/f6Msjg==

"uuid@^11.1.0 || ^12 || ^13 || ^14.0.0":
  version "14.0.2"
  resolved "https://registry.yarnpkg.com/uuid/-/uuid-14.0.2.tgz#d5ae03e4db0881c87271f8b0b9bd7312d02c799a"
  integrity sha512-xZe/16rV4aa+HGSOCiY2YeLT1OybRLrrkL/Rqaq7p7GMVXjFh+6wN4oMYgjFmnSnhY8t6Xpdl2l9qmnHYuMHwQ==
